// !$*UTF8*$!
{
	archiveVersion = 1;
	classes = {
	};
	objectVersion = 42;
	objects = {

/* Begin PBXBuildFile section */
		6A039944067374A90009973B /* knob.icns in Resources */ = {isa = PBXBuildFile; fileRef = 6ACF235205B59919003BE160 /* knob.icns */; };
		6A039945067374BA0009973B /* B.nib in Resources */ = {isa = PBXBuildFile; fileRef = 6AFCCF7D054C328B005B689A /* B.nib */; };
		6A039946067374BA0009973B /* B.strings in Resources */ = {isa = PBXBuildFile; fileRef = 6AFCCF7E054C328B005B689A /* B.strings */; };
		6A039947067374ED0009973B /* Tarabiscoter.nib in Resources */ = {isa = PBXBuildFile; fileRef = 6ABB05B8059456AF00910B2E /* Tarabiscoter.nib */; };
		6A0526540B64748500CAAA0C /* IOBluetooth.framework in Frameworks */ = {isa = PBXBuildFile; fileRef = 6A0526530B64748500CAAA0C /* IOBluetooth.framework */; };
		6A05267F0B64774200CAAA0C /* IOBluetoothUI.framework in Frameworks */ = {isa = PBXBuildFile; fileRef = 6A05267E0B64774200CAAA0C /* IOBluetoothUI.framework */; };
		6A05271D0B647CAD00CAAA0C /* BAutoreleasePool.mm in Sources */ = {isa = PBXBuildFile; fileRef = 6A05271B0B647CAD00CAAA0C /* BAutoreleasePool.mm */; };
		6A0527430B647D7700CAAA0C /* Foundation.framework in Frameworks */ = {isa = PBXBuildFile; fileRef = 6A0527420B647D7700CAAA0C /* Foundation.framework */; };
		6A0527770B647E5900CAAA0C /* untitled in Resources */ = {isa = PBXBuildFile; fileRef = 6A0527760B647E5900CAAA0C /* untitled */; };
		6A0527A40B647FB600CAAA0C /* AppKit.framework in Frameworks */ = {isa = PBXBuildFile; fileRef = 6A0527A30B647FB600CAAA0C /* AppKit.framework */; };
		6A0684C105B619D500E4C681 /* TarabiscoterApp.cpp in Sources */ = {isa = PBXBuildFile; fileRef = 6A0684BF05B619D500E4C681 /* TarabiscoterApp.cpp */; };
		6A0C5D63055615A7005E4238 /* libMoreIsBetterLib.a in Frameworks */ = {isa = PBXBuildFile; fileRef = 6A0C5D62055615A7005E4238 /* libMoreIsBetterLib.a */; };
		6A0C5D70055615DA005E4238 /* BErrorHandler.cpp in Sources */ = {isa = PBXBuildFile; fileRef = 6A0C5D69055615DA005E4238 /* BErrorHandler.cpp */; };
		6A0C5D72055615DA005E4238 /* BException.cpp in Sources */ = {isa = PBXBuildFile; fileRef = 6A0C5D6B055615DA005E4238 /* BException.cpp */; };
		6A0C5D75055615DA005E4238 /* BHelpUtilities.cpp in Sources */ = {isa = PBXBuildFile; fileRef = 6A0C5D6E055615DA005E4238 /* BHelpUtilities.cpp */; };
		6A0C5D7705561612005E4238 /* BCommandData.cpp in Sources */ = {isa = PBXBuildFile; fileRef = 6A605E7E0555D18A00824720 /* BCommandData.cpp */; };
		6A0C5D830556165E005E4238 /* BBundle.cpp in Sources */ = {isa = PBXBuildFile; fileRef = 6A0C5D7B0556165E005E4238 /* BBundle.cpp */; };
		6A0C5D870556165E005E4238 /* BRect.cpp in Sources */ = {isa = PBXBuildFile; fileRef = 6A0C5D7F0556165E005E4238 /* BRect.cpp */; };
		6A0C5D890556165E005E4238 /* BUrl.cpp in Sources */ = {isa = PBXBuildFile; fileRef = 6A0C5D810556165E005E4238 /* BUrl.cpp */; };
		6A0C5DA105561713005E4238 /* BStringFormatter.cpp in Sources */ = {isa = PBXBuildFile; fileRef = 6A0C5D9A05561713005E4238 /* BStringFormatter.cpp */; settings = {COMPILER_FLAGS = "-Wno-shadow"; }; };
		6A0C5DA305561713005E4238 /* CFUtils.cpp in Sources */ = {isa = PBXBuildFile; fileRef = 6A0C5D9C05561713005E4238 /* CFUtils.cpp */; };
		6A2224F20A339FB0006B489A /* BColor.cpp in Sources */ = {isa = PBXBuildFile; fileRef = 6A2224E80A339FB0006B489A /* BColor.cpp */; };
		6A230DB9057FC50D0082F91B /* BViewProperty.cpp in Sources */ = {isa = PBXBuildFile; fileRef = 6A230DB7057FC50D0082F91B /* BViewProperty.cpp */; };
		6A230DBF057FC5230082F91B /* BWindowProperty.cpp in Sources */ = {isa = PBXBuildFile; fileRef = 6A230DBD057FC5230082F91B /* BWindowProperty.cpp */; };
		6A230DC5057FC60B0082F91B /* BMutableString.cpp in Sources */ = {isa = PBXBuildFile; fileRef = 6A0C5D9705561713005E4238 /* BMutableString.cpp */; };
		6A230DC6057FC6110082F91B /* BUndoAction.cpp in Sources */ = {isa = PBXBuildFile; fileRef = 6A2F43AE055DCD680085519F /* BUndoAction.cpp */; };
		6A2B847805CF937700565AC7 /* BAlert.cpp in Sources */ = {isa = PBXBuildFile; fileRef = 6A2B847605CF937700565AC7 /* BAlert.cpp */; };
		6A2B848F05CF94AD00565AC7 /* NavigationWindow.cpp in Sources */ = {isa = PBXBuildFile; fileRef = 6A2B848D05CF94AC00565AC7 /* NavigationWindow.cpp */; };
		6A2F4385055DCB250085519F /* BNullUndoPolicy.cpp in Sources */ = {isa = PBXBuildFile; fileRef = 6A2F4380055DCB250085519F /* BNullUndoPolicy.cpp */; };
		6A2F4387055DCB250085519F /* BUndoPolicyHelpers.cpp in Sources */ = {isa = PBXBuildFile; fileRef = 6A2F4382055DCB250085519F /* BUndoPolicyHelpers.cpp */; };
		6A2F43B6055DCD7F0085519F /* BIcon.cpp in Sources */ = {isa = PBXBuildFile; fileRef = 6A2F43B4055DCD7F0085519F /* BIcon.cpp */; };
		6A335ED1097A10890027DAF6 /* BTextFilters.cpp in Sources */ = {isa = PBXBuildFile; fileRef = 6A335ECF097A10890027DAF6 /* BTextFilters.cpp */; };
		6A3A16D0054F726800AC0AE7 /* B.r in Rez */ = {isa = PBXBuildFile; fileRef = 6A3A16CF054F726800AC0AE7 /* B.r */; };
		6A3FFA35092220B600295735 /* BOpenGLView.cpp in Sources */ = {isa = PBXBuildFile; fileRef = 6A3FFA33092220B600295735 /* BOpenGLView.cpp */; };
		6A3FFA39092221DF00295735 /* BOpenGLUtilities.cpp in Sources */ = {isa = PBXBuildFile; fileRef = 6A3FFA37092221DF00295735 /* BOpenGLUtilities.cpp */; };
		6A3FFA6E0922247100295735 /* AGL.framework in Frameworks */ = {isa = PBXBuildFile; fileRef = 6A3FFA6D0922247100295735 /* AGL.framework */; };
		6A3FFA7A0922248C00295735 /* OpenGL.framework in Frameworks */ = {isa = PBXBuildFile; fileRef = 6A3FFA790922248C00295735 /* OpenGL.framework */; };
		6A427C130920DD0B000D6E1F /* BAutoTrackingArea.cpp in Sources */ = {isa = PBXBuildFile; fileRef = 6A427C110920DD0B000D6E1F /* BAutoTrackingArea.cpp */; };
		6A45005605A54FC4008FC00F /* BImageUtilities.cpp in Sources */ = {isa = PBXBuildFile; fileRef = 6A45005405A54FC3008FC00F /* BImageUtilities.cpp */; };
		6A45005F05A551CA008FC00F /* QuickTime.framework in Frameworks */ = {isa = PBXBuildFile; fileRef = 6A45005E05A551CA008FC00F /* QuickTime.framework */; };
		6A45008905A55206008FC00F /* BMemoryUtilities.cpp in Sources */ = {isa = PBXBuildFile; fileRef = 6A45008505A55206008FC00F /* BMemoryUtilities.cpp */; };
		6A45008B05A55206008FC00F /* BQuickdrawUtilities.cpp in Sources */ = {isa = PBXBuildFile; fileRef = 6A45008705A55206008FC00F /* BQuickdrawUtilities.cpp */; };
		6A4BEE6205A63B92009F0C88 /* BCursor.cpp in Sources */ = {isa = PBXBuildFile; fileRef = 6A4BEE6005A63B92009F0C88 /* BCursor.cpp */; };
		6A4BEEEA05A6C9FA009F0C88 /* BWindowUtils.cpp in Sources */ = {isa = PBXBuildFile; fileRef = 6A4BEEE805A6C9FA009F0C88 /* BWindowUtils.cpp */; };
		6A4BEF1805A6D9EE009F0C88 /* BViewUtils.cpp in Sources */ = {isa = PBXBuildFile; fileRef = 6A4BEF1605A6D9EE009F0C88 /* BViewUtils.cpp */; };
		6A5346C705B9E7DD004E26A0 /* condition.cpp in Sources */ = {isa = PBXBuildFile; fileRef = 6A5346BE05B9E7DD004E26A0 /* condition.cpp */; settings = {COMPILER_FLAGS = "-Wno-unused-parameter"; }; };
		6A5346C805B9E7DD004E26A0 /* exceptions.cpp in Sources */ = {isa = PBXBuildFile; fileRef = 6A5346BF05B9E7DD004E26A0 /* exceptions.cpp */; settings = {COMPILER_FLAGS = "-Wno-unused-parameter"; }; };
		6A5346C905B9E7DD004E26A0 /* mutex.cpp in Sources */ = {isa = PBXBuildFile; fileRef = 6A5346C005B9E7DD004E26A0 /* mutex.cpp */; settings = {COMPILER_FLAGS = "-Wno-unused-parameter"; }; };
		6A5346CA05B9E7DD004E26A0 /* once.cpp in Sources */ = {isa = PBXBuildFile; fileRef = 6A5346C105B9E7DD004E26A0 /* once.cpp */; settings = {COMPILER_FLAGS = "-Wno-unused-parameter"; }; };
		6A5346CB05B9E7DD004E26A0 /* recursive_mutex.cpp in Sources */ = {isa = PBXBuildFile; fileRef = 6A5346C205B9E7DD004E26A0 /* recursive_mutex.cpp */; settings = {COMPILER_FLAGS = "-Wno-unused-parameter"; }; };
		6A5346CC05B9E7DD004E26A0 /* thread.cpp in Sources */ = {isa = PBXBuildFile; fileRef = 6A5346C305B9E7DD004E26A0 /* thread.cpp */; settings = {COMPILER_FLAGS = "-Wno-unused-parameter"; }; };
		6A5346CE05B9E7DD004E26A0 /* tss.cpp in Sources */ = {isa = PBXBuildFile; fileRef = 6A5346C505B9E7DD004E26A0 /* tss.cpp */; settings = {COMPILER_FLAGS = "-Wno-unused-parameter"; }; };
		6A5346CF05B9E7DD004E26A0 /* xtime.cpp in Sources */ = {isa = PBXBuildFile; fileRef = 6A5346C605B9E7DD004E26A0 /* xtime.cpp */; settings = {COMPILER_FLAGS = "-Wno-unused-parameter"; }; };
		6A5E3C0805D479B2008351B7 /* BDialogModality.cpp in Sources */ = {isa = PBXBuildFile; fileRef = 6A5E3C0705D479B2008351B7 /* BDialogModality.cpp */; };
		6A605DF20555CECC00824720 /* BAEWriter.cpp in Sources */ = {isa = PBXBuildFile; fileRef = 6A605DDF0555CECC00824720 /* BAEWriter.cpp */; };
		6A605DF40555CECC00824720 /* BAEReader.cpp in Sources */ = {isa = PBXBuildFile; fileRef = 6A605DE10555CECC00824720 /* BAEReader.cpp */; };
		6A605DF60555CECC00824720 /* BAEObjectSupport.cpp in Sources */ = {isa = PBXBuildFile; fileRef = 6A605DE30555CECC00824720 /* BAEObjectSupport.cpp */; };
		6A605DF80555CECC00824720 /* BAEObject.cpp in Sources */ = {isa = PBXBuildFile; fileRef = 6A605DE50555CECC00824720 /* BAEObject.cpp */; };
		6A605DFA0555CECC00824720 /* BAEEvent.cpp in Sources */ = {isa = PBXBuildFile; fileRef = 6A605DE70555CECC00824720 /* BAEEvent.cpp */; };
		6A605DFC0555CECC00824720 /* BAEDescriptor.cpp in Sources */ = {isa = PBXBuildFile; fileRef = 6A605DE90555CECC00824720 /* BAEDescriptor.cpp */; };
		6A605DFE0555CECC00824720 /* BAEDescParam.cpp in Sources */ = {isa = PBXBuildFile; fileRef = 6A605DEB0555CECC00824720 /* BAEDescParam.cpp */; };
		6A605E6F0555D16900824720 /* BNib.cpp in Sources */ = {isa = PBXBuildFile; fileRef = 6A605E6B0555D16900824720 /* BNib.cpp */; };
		6A605E810555D18A00824720 /* BEventTarget.cpp in Sources */ = {isa = PBXBuildFile; fileRef = 6A605E730555D18A00824720 /* BEventTarget.cpp */; };
		6A605E820555D18A00824720 /* BEventHandler.cpp in Sources */ = {isa = PBXBuildFile; fileRef = 6A605E740555D18A00824720 /* BEventHandler.cpp */; };
		6A605E860555D18A00824720 /* BEventParams.cpp in Sources */ = {isa = PBXBuildFile; fileRef = 6A605E780555D18A00824720 /* BEventParams.cpp */; };
		6A605E8B0555D18A00824720 /* BEvent.cpp in Sources */ = {isa = PBXBuildFile; fileRef = 6A605E7D0555D18A00824720 /* BEvent.cpp */; };
		6A605EA40555D1EB00824720 /* BNullDocumentPolicy.cpp in Sources */ = {isa = PBXBuildFile; fileRef = 6A605E9E0555D1EB00824720 /* BNullDocumentPolicy.cpp */; };
		6A605EA70555D1EB00824720 /* BAbstractDocument.cpp in Sources */ = {isa = PBXBuildFile; fileRef = 6A605EA10555D1EB00824720 /* BAbstractDocument.cpp */; };
		6A605ED40555D28000824720 /* BString.cpp in Sources */ = {isa = PBXBuildFile; fileRef = 6A605ED20555D28000824720 /* BString.cpp */; };
		6A605EEE0555D29D00824720 /* BToolboxViews.cpp in Sources */ = {isa = PBXBuildFile; fileRef = 6A605ED60555D29D00824720 /* BToolboxViews.cpp */; };
		6A605EF20555D29D00824720 /* BViewFactory.cpp in Sources */ = {isa = PBXBuildFile; fileRef = 6A605EDA0555D29D00824720 /* BViewFactory.cpp */; };
		6A605EF80555D29D00824720 /* BCustomView.cpp in Sources */ = {isa = PBXBuildFile; fileRef = 6A605EE00555D29D00824720 /* BCustomView.cpp */; };
		6A605EF90555D29D00824720 /* BViewData.cpp in Sources */ = {isa = PBXBuildFile; fileRef = 6A605EE10555D29D00824720 /* BViewData.cpp */; };
		6A605EFC0555D29D00824720 /* BView.cpp in Sources */ = {isa = PBXBuildFile; fileRef = 6A605EE40555D29D00824720 /* BView.cpp */; };
		6A605F0E0555D30500824720 /* BWindow.cpp in Sources */ = {isa = PBXBuildFile; fileRef = 6A605F080555D30500824720 /* BWindow.cpp */; };
		6A605F0F0555D30500824720 /* BAboutBox.cpp in Sources */ = {isa = PBXBuildFile; fileRef = 6A605F090555D30500824720 /* BAboutBox.cpp */; };
		6A667EBE056DB56D001BB668 /* BAutoRegion.cpp in Sources */ = {isa = PBXBuildFile; fileRef = 6A667EB8056DB56D001BB668 /* BAutoRegion.cpp */; };
		6A667EC0056DB56D001BB668 /* BMutableShape.cpp in Sources */ = {isa = PBXBuildFile; fileRef = 6A667EBA056DB56D001BB668 /* BMutableShape.cpp */; };
		6A667EC2056DB56D001BB668 /* BShape.cpp in Sources */ = {isa = PBXBuildFile; fileRef = 6A667EBC056DB56D001BB668 /* BShape.cpp */; };
		6A66E81909EB478900C5C0EA /* BAESDefReader.cpp in Sources */ = {isa = PBXBuildFile; fileRef = 6A66E81209EB478900C5C0EA /* BAESDefReader.cpp */; };
		6A66E81B09EB478900C5C0EA /* BAEToken.cpp in Sources */ = {isa = PBXBuildFile; fileRef = 6A66E81409EB478900C5C0EA /* BAEToken.cpp */; };
		6A66E81D09EB478900C5C0EA /* BAEUtilities.cpp in Sources */ = {isa = PBXBuildFile; fileRef = 6A66E81609EB478900C5C0EA /* BAEUtilities.cpp */; };
		6A66E82F09EB49B900C5C0EA /* libcrypto.dylib in Frameworks */ = {isa = PBXBuildFile; fileRef = 6A66E82E09EB49B900C5C0EA /* libcrypto.dylib */; };
		6A814F3A05CC57C6006B8B0F /* DialogsWindow.cpp in Sources */ = {isa = PBXBuildFile; fileRef = 6A814F3605CC57C5006B8B0F /* DialogsWindow.cpp */; };
		6A814F3C05CC57C6006B8B0F /* OpenGLWindow.cpp in Sources */ = {isa = PBXBuildFile; fileRef = 6A814F3805CC57C5006B8B0F /* OpenGLWindow.cpp */; };
		6A833F2509799C0B00DBB3C2 /* BTextValidator.cpp in Sources */ = {isa = PBXBuildFile; fileRef = 6A833F2109799C0B00DBB3C2 /* BTextValidator.cpp */; };
		6A833F2709799C0B00DBB3C2 /* BTextSource.cpp in Sources */ = {isa = PBXBuildFile; fileRef = 6A833F2309799C0B00DBB3C2 /* BTextSource.cpp */; };
		6A833FA70979D14E00DBB3C2 /* TextWindow.cpp in Sources */ = {isa = PBXBuildFile; fileRef = 6A833FA50979D14E00DBB3C2 /* TextWindow.cpp */; };
		6A86EE030B2BBACF000484E0 /* Tarabiscoter.sdef in Resources */ = {isa = PBXBuildFile; fileRef = 6A86EE020B2BBACF000484E0 /* Tarabiscoter.sdef */; };
		6A86EE040B2BBAD6000484E0 /* Tarabiscoter.sdef in CopyFiles */ = {isa = PBXBuildFile; fileRef = 6A86EE020B2BBACF000484E0 /* Tarabiscoter.sdef */; };
		6A86EE0D0B2BBB05000484E0 /* Tarabiscoter.sdef.r in Rez */ = {isa = PBXBuildFile; fileRef = 6A86EE0C0B2BBB05000484E0 /* Tarabiscoter.sdef.r */; };
		6A9072B305A47B1C0089DDBB /* BPageFormat.cpp in Sources */ = {isa = PBXBuildFile; fileRef = 6A9072AB05A47B1C0089DDBB /* BPageFormat.cpp */; };
		6A9072B505A47B1C0089DDBB /* BPrinter.cpp in Sources */ = {isa = PBXBuildFile; fileRef = 6A9072AD05A47B1C0089DDBB /* BPrinter.cpp */; };
		6A9072B705A47B1C0089DDBB /* BPrintSession.cpp in Sources */ = {isa = PBXBuildFile; fileRef = 6A9072AF05A47B1C0089DDBB /* BPrintSession.cpp */; };
		6A9072B905A47B1C0089DDBB /* BPrintSettings.cpp in Sources */ = {isa = PBXBuildFile; fileRef = 6A9072B105A47B1C0089DDBB /* BPrintSettings.cpp */; };
		6A90730805A4A1D90089DDBB /* BSplitView.cpp in Sources */ = {isa = PBXBuildFile; fileRef = 6A90730605A4A1D90089DDBB /* BSplitView.cpp */; };
		6A90730F05A4A2820089DDBB /* Split.cpp in Sources */ = {isa = PBXBuildFile; fileRef = 6A90730D05A4A2820089DDBB /* Split.cpp */; };
		6A90733F05A4AA5E0089DDBB /* BCollectionItem.cpp in Sources */ = {isa = PBXBuildFile; fileRef = 6A90733D05A4AA5E0089DDBB /* BCollectionItem.cpp */; };
		6A963D430598982600476551 /* BDrawer.cpp in Sources */ = {isa = PBXBuildFile; fileRef = 6A963D410598982600476551 /* BDrawer.cpp */; };
		6AAA3DFB092ACE08002C4F51 /* BStringUtilities.cpp in Sources */ = {isa = PBXBuildFile; fileRef = 6AAA3DF9092ACE08002C4F51 /* BStringUtilities.cpp */; };
		6AB1510E0558483C00A799A5 /* libMoreFilesX.a in Frameworks */ = {isa = PBXBuildFile; fileRef = 6AB1510D0558483C00A799A5 /* libMoreFilesX.a */; };
		6AB266690A60370100198F15 /* BNullPrintPolicy.cpp in Sources */ = {isa = PBXBuildFile; fileRef = 6AB266660A60370100198F15 /* BNullPrintPolicy.cpp */; };
		6AB59EE905B2D371002CAE65 /* Layout.cpp in Sources */ = {isa = PBXBuildFile; fileRef = 6AB59EE705B2D371002CAE65 /* Layout.cpp */; };
		6ABB05FA05945E7500910B2E /* DrawerHost.cpp in Sources */ = {isa = PBXBuildFile; fileRef = 6ABB05F805945E7500910B2E /* DrawerHost.cpp */; };
		6AC1D29805C1F0E300AFA75D /* BExceptionStreamer.cpp in Sources */ = {isa = PBXBuildFile; fileRef = 6AC1D29605C1F0E300AFA75D /* BExceptionStreamer.cpp */; };
		6AC8E4DA07F4B4980011C58E /* named_slot_map.cpp in Sources */ = {isa = PBXBuildFile; fileRef = 6AC8E4D907F4B4980011C58E /* named_slot_map.cpp */; settings = {COMPILER_FLAGS = "-Wno-unused-parameter"; }; };
		6AD6FEC8056E708200B4BBC8 /* BHybridView.cpp in Sources */ = {isa = PBXBuildFile; fileRef = 6AD6FEC6056E708200B4BBC8 /* BHybridView.cpp */; };
		6AF4E60A0937950100E73EC8 /* BSaveInfo.cpp in Sources */ = {isa = PBXBuildFile; fileRef = 6AF4E6080937950100E73EC8 /* BSaveInfo.cpp */; };
		6AF4E60F0937952200E73EC8 /* BFileUtilities.cpp in Sources */ = {isa = PBXBuildFile; fileRef = 6AF4E60D0937952200E73EC8 /* BFileUtilities.cpp */; };
		6AF7A61605AFFA7800EA275B /* connection.cpp in Sources */ = {isa = PBXBuildFile; fileRef = 6AF7A61205AFFA7800EA275B /* connection.cpp */; settings = {COMPILER_FLAGS = "-Wno-unused-parameter"; }; };
		6AF7A61705AFFA7800EA275B /* signal_base.cpp in Sources */ = {isa = PBXBuildFile; fileRef = 6AF7A61305AFFA7800EA275B /* signal_base.cpp */; settings = {COMPILER_FLAGS = "-Wno-unused-parameter"; }; };
		6AF7A61805AFFA7800EA275B /* slot.cpp in Sources */ = {isa = PBXBuildFile; fileRef = 6AF7A61405AFFA7800EA275B /* slot.cpp */; settings = {COMPILER_FLAGS = "-Wno-unused-parameter"; }; };
		6AF7A61905AFFA7800EA275B /* trackable.cpp in Sources */ = {isa = PBXBuildFile; fileRef = 6AF7A61505AFFA7800EA275B /* trackable.cpp */; settings = {COMPILER_FLAGS = "-Wno-unused-parameter"; }; };
		6AF7A66905B0066F00EA275B /* BDialog.cpp in Sources */ = {isa = PBXBuildFile; fileRef = 6AF7A66705B0066F00EA275B /* BDialog.cpp */; };
		6AF7A75605B0787800EA275B /* BNavDialogs.cpp in Sources */ = {isa = PBXBuildFile; fileRef = 6AF7A75405B0787800EA275B /* BNavDialogs.cpp */; };
		6AFCD08E054C3294005B689A /* Carbon.framework in Frameworks */ = {isa = PBXBuildFile; fileRef = 6AFCD08D054C3294005B689A /* Carbon.framework */; };
		6AFCD09A054C3295005B689A /* CoreServices.framework in Frameworks */ = {isa = PBXBuildFile; fileRef = 6AFCD099054C3295005B689A /* CoreServices.framework */; };
		6AFCD09C054C3295005B689A /* CoreFoundation.framework in Frameworks */ = {isa = PBXBuildFile; fileRef = 6AFCD09B054C3295005B689A /* CoreFoundation.framework */; };
		6AFCD0A0054C3295005B689A /* ApplicationServices.framework in Frameworks */ = {isa = PBXBuildFile; fileRef = 6AFCD09F054C3295005B689A /* ApplicationServices.framework */; };
/* End PBXBuildFile section */

/* Begin PBXBuildRule section */
		6A2655E1066F4519006EE43D /* PBXBuildRule */ = {
			isa = PBXBuildRule;
			compilerSpec = com.apple.compilers.proxy.script;
			filePatterns = "*.sdef";
			fileType = pattern.proxy;
			isEditable = 1;
			outputFiles = (
				"$(TARGET_BUILD_DIR)/../$(INPUT_FILE_NAME).r",
			);
			script = "/usr/local/b/b/make/BSdefBuildRule.sh \"${INPUT_FILE_PATH}\" \"${TARGET_BUILD_DIR}/../${INPUT_FILE_NAME}.r\"";
		};
/* End PBXBuildRule section */

/* Begin PBXCopyFilesBuildPhase section */
		6A03993D067370B70009973B /* CopyFiles */ = {
			isa = PBXCopyFilesBuildPhase;
			buildActionMask = 2147483647;
			dstPath = "";
			dstSubfolderSpec = 7;
			files = (
				6A86EE040B2BBAD6000484E0 /* Tarabiscoter.sdef in CopyFiles */,
			);
			runOnlyForDeploymentPostprocessing = 0;
		};
/* End PBXCopyFilesBuildPhase section */

/* Begin PBXFileReference section */
		6A0526530B64748500CAAA0C /* IOBluetooth.framework */ = {isa = PBXFileReference; lastKnownFileType = wrapper.framework; name = IOBluetooth.framework; path = /System/Library/Frameworks/IOBluetooth.framework; sourceTree = "<absolute>"; };
		6A05267E0B64774200CAAA0C /* IOBluetoothUI.framework */ = {isa = PBXFileReference; lastKnownFileType = wrapper.framework; name = IOBluetoothUI.framework; path = /System/Library/Frameworks/IOBluetoothUI.framework; sourceTree = "<absolute>"; };
		6A05271A0B647CAD00CAAA0C /* BAutoreleasePool.h */ = {isa = PBXFileReference; fileEncoding = 30; lastKnownFileType = sourcecode.c.h; path = BAutoreleasePool.h; sourceTree = "<group>"; };
		6A05271B0B647CAD00CAAA0C /* BAutoreleasePool.mm */ = {isa = PBXFileReference; fileEncoding = 30; lastKnownFileType = sourcecode.cpp.objcpp; path = BAutoreleasePool.mm; sourceTree = "<group>"; };
		6A0527420B647D7700CAAA0C /* Foundation.framework */ = {isa = PBXFileReference; lastKnownFileType = wrapper.framework; name = Foundation.framework; path = /System/Library/Frameworks/Foundation.framework; sourceTree = "<absolute>"; };
		6A0527760B647E5900CAAA0C /* untitled */ = {isa = PBXFileReference; fileEncoding = 4; lastKnownFileType = text; path = untitled; sourceTree = "<group>"; };
		6A0527A30B647FB600CAAA0C /* AppKit.framework */ = {isa = PBXFileReference; lastKnownFileType = wrapper.framework; name = AppKit.framework; path = /System/Library/Frameworks/AppKit.framework; sourceTree = "<absolute>"; };
		6A0684BF05B619D500E4C681 /* TarabiscoterApp.cpp */ = {isa = PBXFileReference; fileEncoding = 30; lastKnownFileType = sourcecode.cpp.cpp; path = TarabiscoterApp.cpp; sourceTree = SOURCE_ROOT; };
		6A0684C005B619D500E4C681 /* TarabiscoterApp.h */ = {isa = PBXFileReference; fileEncoding = 30; lastKnownFileType = sourcecode.c.h; path = TarabiscoterApp.h; sourceTree = SOURCE_ROOT; };
		6A0C5D62055615A7005E4238 /* libMoreIsBetterLib.a */ = {isa = PBXFileReference; lastKnownFileType = archive.ar; name = libMoreIsBetterLib.a; path = "MIB-Libraries/libMoreIsBetterLib.a"; sourceTree = "<group>"; };
		6A0C5D69055615DA005E4238 /* BErrorHandler.cpp */ = {isa = PBXFileReference; fileEncoding = 30; lastKnownFileType = sourcecode.cpp.cpp; path = BErrorHandler.cpp; sourceTree = "<group>"; };
		6A0C5D6A055615DA005E4238 /* BErrorHandler.h */ = {isa = PBXFileReference; fileEncoding = 30; lastKnownFileType = sourcecode.c.h; path = BErrorHandler.h; sourceTree = "<group>"; };
		6A0C5D6B055615DA005E4238 /* BException.cpp */ = {isa = PBXFileReference; fileEncoding = 30; lastKnownFileType = sourcecode.cpp.cpp; path = BException.cpp; sourceTree = "<group>"; };
		6A0C5D6C055615DA005E4238 /* BException.h */ = {isa = PBXFileReference; fileEncoding = 30; lastKnownFileType = sourcecode.c.h; path = BException.h; sourceTree = "<group>"; };
		6A0C5D6D055615DA005E4238 /* BFwd.h */ = {isa = PBXFileReference; fileEncoding = 30; lastKnownFileType = sourcecode.c.h; path = BFwd.h; sourceTree = "<group>"; };
		6A0C5D6E055615DA005E4238 /* BHelpUtilities.cpp */ = {isa = PBXFileReference; fileEncoding = 30; lastKnownFileType = sourcecode.cpp.cpp; path = BHelpUtilities.cpp; sourceTree = "<group>"; };
		6A0C5D6F055615DA005E4238 /* BHelpUtilities.h */ = {isa = PBXFileReference; fileEncoding = 30; lastKnownFileType = sourcecode.c.h; path = BHelpUtilities.h; sourceTree = "<group>"; };
		6A0C5D7B0556165E005E4238 /* BBundle.cpp */ = {isa = PBXFileReference; fileEncoding = 30; lastKnownFileType = sourcecode.cpp.cpp; path = BBundle.cpp; sourceTree = "<group>"; };
		6A0C5D7C0556165E005E4238 /* BBundle.h */ = {isa = PBXFileReference; fileEncoding = 30; lastKnownFileType = sourcecode.c.h; path = BBundle.h; sourceTree = "<group>"; };
		6A0C5D7F0556165E005E4238 /* BRect.cpp */ = {isa = PBXFileReference; fileEncoding = 30; lastKnownFileType = sourcecode.cpp.cpp; path = BRect.cpp; sourceTree = "<group>"; };
		6A0C5D800556165E005E4238 /* BRect.h */ = {isa = PBXFileReference; fileEncoding = 30; lastKnownFileType = sourcecode.c.h; path = BRect.h; sourceTree = "<group>"; };
		6A0C5D810556165E005E4238 /* BUrl.cpp */ = {isa = PBXFileReference; fileEncoding = 30; lastKnownFileType = sourcecode.cpp.cpp; path = BUrl.cpp; sourceTree = "<group>"; };
		6A0C5D820556165E005E4238 /* BUrl.h */ = {isa = PBXFileReference; fileEncoding = 30; lastKnownFileType = sourcecode.c.h; path = BUrl.h; sourceTree = "<group>"; };
		6A0C5D9705561713005E4238 /* BMutableString.cpp */ = {isa = PBXFileReference; fileEncoding = 30; lastKnownFileType = sourcecode.cpp.cpp; path = BMutableString.cpp; sourceTree = "<group>"; };
		6A0C5D9805561713005E4238 /* BMutableString.h */ = {isa = PBXFileReference; fileEncoding = 30; lastKnownFileType = sourcecode.c.h; path = BMutableString.h; sourceTree = "<group>"; };
		6A0C5D9905561713005E4238 /* BOSPtr.h */ = {isa = PBXFileReference; fileEncoding = 30; lastKnownFileType = sourcecode.c.h; path = BOSPtr.h; sourceTree = "<group>"; };
		6A0C5D9A05561713005E4238 /* BStringFormatter.cpp */ = {isa = PBXFileReference; fileEncoding = 30; lastKnownFileType = sourcecode.cpp.cpp; path = BStringFormatter.cpp; sourceTree = "<group>"; };
		6A0C5D9B05561713005E4238 /* BStringFormatter.h */ = {isa = PBXFileReference; fileEncoding = 30; lastKnownFileType = sourcecode.c.h; path = BStringFormatter.h; sourceTree = "<group>"; };
		6A0C5D9C05561713005E4238 /* CFUtils.cpp */ = {isa = PBXFileReference; fileEncoding = 30; lastKnownFileType = sourcecode.cpp.cpp; path = CFUtils.cpp; sourceTree = "<group>"; };
		6A0C5D9D05561713005E4238 /* CFUtils.h */ = {isa = PBXFileReference; fileEncoding = 30; lastKnownFileType = sourcecode.c.h; path = CFUtils.h; sourceTree = "<group>"; };
		6A2224E80A339FB0006B489A /* BColor.cpp */ = {isa = PBXFileReference; fileEncoding = 30; lastKnownFileType = sourcecode.cpp.cpp; path = BColor.cpp; sourceTree = "<group>"; };
		6A2224E90A339FB0006B489A /* BColor.h */ = {isa = PBXFileReference; fileEncoding = 30; lastKnownFileType = sourcecode.c.h; path = BColor.h; sourceTree = "<group>"; };
		6A230DB7057FC50D0082F91B /* BViewProperty.cpp */ = {isa = PBXFileReference; fileEncoding = 30; lastKnownFileType = sourcecode.cpp.cpp; path = BViewProperty.cpp; sourceTree = "<group>"; };
		6A230DB8057FC50D0082F91B /* BViewProperty.h */ = {isa = PBXFileReference; fileEncoding = 30; lastKnownFileType = sourcecode.c.h; path = BViewProperty.h; sourceTree = "<group>"; };
		6A230DBD057FC5230082F91B /* BWindowProperty.cpp */ = {isa = PBXFileReference; fileEncoding = 30; lastKnownFileType = sourcecode.cpp.cpp; path = BWindowProperty.cpp; sourceTree = "<group>"; };
		6A230DBE057FC5230082F91B /* BWindowProperty.h */ = {isa = PBXFileReference; fileEncoding = 30; lastKnownFileType = sourcecode.c.h; path = BWindowProperty.h; sourceTree = "<group>"; };
		6A230DD5057FC7790082F91B /* BMenu.h */ = {isa = PBXFileReference; fileEncoding = 30; lastKnownFileType = sourcecode.c.h; path = BMenu.h; sourceTree = "<group>"; };
		6A2B847605CF937700565AC7 /* BAlert.cpp */ = {isa = PBXFileReference; fileEncoding = 30; lastKnownFileType = sourcecode.cpp.cpp; path = BAlert.cpp; sourceTree = "<group>"; };
		6A2B847705CF937700565AC7 /* BAlert.h */ = {isa = PBXFileReference; fileEncoding = 30; lastKnownFileType = sourcecode.c.h; path = BAlert.h; sourceTree = "<group>"; };
		6A2B848D05CF94AC00565AC7 /* NavigationWindow.cpp */ = {isa = PBXFileReference; fileEncoding = 30; lastKnownFileType = sourcecode.cpp.cpp; path = NavigationWindow.cpp; sourceTree = SOURCE_ROOT; };
		6A2B848E05CF94AC00565AC7 /* NavigationWindow.h */ = {isa = PBXFileReference; fileEncoding = 30; lastKnownFileType = sourcecode.c.h; path = NavigationWindow.h; sourceTree = SOURCE_ROOT; };
		6A2F4380055DCB250085519F /* BNullUndoPolicy.cpp */ = {isa = PBXFileReference; fileEncoding = 30; lastKnownFileType = sourcecode.cpp.cpp; path = BNullUndoPolicy.cpp; sourceTree = "<group>"; };
		6A2F4381055DCB250085519F /* BNullUndoPolicy.h */ = {isa = PBXFileReference; fileEncoding = 30; lastKnownFileType = sourcecode.c.h; path = BNullUndoPolicy.h; sourceTree = "<group>"; };
		6A2F4382055DCB250085519F /* BUndoPolicyHelpers.cpp */ = {isa = PBXFileReference; fileEncoding = 30; lastKnownFileType = sourcecode.cpp.cpp; path = BUndoPolicyHelpers.cpp; sourceTree = "<group>"; };
		6A2F4383055DCB250085519F /* BUndoPolicyHelpers.h */ = {isa = PBXFileReference; fileEncoding = 30; lastKnownFileType = sourcecode.c.h; path = BUndoPolicyHelpers.h; sourceTree = "<group>"; };
		6A2F4384055DCB250085519F /* BUndoPolicyHelpers.tpl.h */ = {isa = PBXFileReference; fileEncoding = 30; lastKnownFileType = sourcecode.c.h; path = BUndoPolicyHelpers.tpl.h; sourceTree = "<group>"; };
		6A2F43AE055DCD680085519F /* BUndoAction.cpp */ = {isa = PBXFileReference; fileEncoding = 30; lastKnownFileType = sourcecode.cpp.cpp; path = BUndoAction.cpp; sourceTree = "<group>"; };
		6A2F43AF055DCD680085519F /* BUndoAction.h */ = {isa = PBXFileReference; fileEncoding = 30; lastKnownFileType = sourcecode.c.h; path = BUndoAction.h; sourceTree = "<group>"; };
		6A2F43B4055DCD7F0085519F /* BIcon.cpp */ = {isa = PBXFileReference; fileEncoding = 30; lastKnownFileType = sourcecode.cpp.cpp; path = BIcon.cpp; sourceTree = "<group>"; };
		6A2F43B5055DCD7F0085519F /* BIcon.h */ = {isa = PBXFileReference; fileEncoding = 30; lastKnownFileType = sourcecode.c.h; path = BIcon.h; sourceTree = "<group>"; };
		6A335ECE097A10890027DAF6 /* BTextFilters.h */ = {isa = PBXFileReference; fileEncoding = 4; lastKnownFileType = sourcecode.c.h; path = BTextFilters.h; sourceTree = "<group>"; };
		6A335ECF097A10890027DAF6 /* BTextFilters.cpp */ = {isa = PBXFileReference; fileEncoding = 4; lastKnownFileType = sourcecode.cpp.cpp; path = BTextFilters.cpp; sourceTree = "<group>"; };
		6A3A16CF054F726800AC0AE7 /* B.r */ = {isa = PBXFileReference; fileEncoding = 30; lastKnownFileType = sourcecode.rez; path = B.r; sourceTree = "<group>"; };
		6A3FFA33092220B600295735 /* BOpenGLView.cpp */ = {isa = PBXFileReference; fileEncoding = 30; lastKnownFileType = sourcecode.cpp.cpp; path = BOpenGLView.cpp; sourceTree = "<group>"; };
		6A3FFA34092220B600295735 /* BOpenGLView.h */ = {isa = PBXFileReference; fileEncoding = 30; lastKnownFileType = sourcecode.c.h; path = BOpenGLView.h; sourceTree = "<group>"; };
		6A3FFA37092221DF00295735 /* BOpenGLUtilities.cpp */ = {isa = PBXFileReference; fileEncoding = 30; lastKnownFileType = sourcecode.cpp.cpp; path = BOpenGLUtilities.cpp; sourceTree = "<group>"; };
		6A3FFA38092221DF00295735 /* BOpenGLUtilities.h */ = {isa = PBXFileReference; fileEncoding = 30; lastKnownFileType = sourcecode.c.h; path = BOpenGLUtilities.h; sourceTree = "<group>"; };
		6A3FFA6D0922247100295735 /* AGL.framework */ = {isa = PBXFileReference; lastKnownFileType = wrapper.framework; name = AGL.framework; path = /System/Library/Frameworks/AGL.framework; sourceTree = "<absolute>"; };
		6A3FFA790922248C00295735 /* OpenGL.framework */ = {isa = PBXFileReference; lastKnownFileType = wrapper.framework; name = OpenGL.framework; path = /System/Library/Frameworks/OpenGL.framework; sourceTree = "<absolute>"; };
		6A427C100920DD0B000D6E1F /* BAutoTrackingArea.h */ = {isa = PBXFileReference; fileEncoding = 4; lastKnownFileType = sourcecode.c.h; path = BAutoTrackingArea.h; sourceTree = "<group>"; };
		6A427C110920DD0B000D6E1F /* BAutoTrackingArea.cpp */ = {isa = PBXFileReference; fileEncoding = 4; lastKnownFileType = sourcecode.cpp.cpp; path = BAutoTrackingArea.cpp; sourceTree = "<group>"; };
		6A45005405A54FC3008FC00F /* BImageUtilities.cpp */ = {isa = PBXFileReference; fileEncoding = 30; lastKnownFileType = sourcecode.cpp.cpp; path = BImageUtilities.cpp; sourceTree = "<group>"; };
		6A45005505A54FC3008FC00F /* BImageUtilities.h */ = {isa = PBXFileReference; fileEncoding = 30; lastKnownFileType = sourcecode.c.h; path = BImageUtilities.h; sourceTree = "<group>"; };
		6A45005E05A551CA008FC00F /* QuickTime.framework */ = {isa = PBXFileReference; lastKnownFileType = wrapper.framework; name = QuickTime.framework; path = /System/Library/Frameworks/QuickTime.framework; sourceTree = "<absolute>"; };
		6A45008505A55206008FC00F /* BMemoryUtilities.cpp */ = {isa = PBXFileReference; fileEncoding = 30; lastKnownFileType = sourcecode.cpp.cpp; path = BMemoryUtilities.cpp; sourceTree = "<group>"; };
		6A45008605A55206008FC00F /* BMemoryUtilities.h */ = {isa = PBXFileReference; fileEncoding = 30; lastKnownFileType = sourcecode.c.h; path = BMemoryUtilities.h; sourceTree = "<group>"; };
		6A45008705A55206008FC00F /* BQuickdrawUtilities.cpp */ = {isa = PBXFileReference; fileEncoding = 30; lastKnownFileType = sourcecode.cpp.cpp; path = BQuickdrawUtilities.cpp; sourceTree = "<group>"; };
		6A45008805A55206008FC00F /* BQuickdrawUtilities.h */ = {isa = PBXFileReference; fileEncoding = 30; lastKnownFileType = sourcecode.c.h; path = BQuickdrawUtilities.h; sourceTree = "<group>"; };
		6A4BEE6005A63B92009F0C88 /* BCursor.cpp */ = {isa = PBXFileReference; fileEncoding = 30; lastKnownFileType = sourcecode.cpp.cpp; path = BCursor.cpp; sourceTree = "<group>"; };
		6A4BEE6105A63B92009F0C88 /* BCursor.h */ = {isa = PBXFileReference; fileEncoding = 30; lastKnownFileType = sourcecode.c.h; path = BCursor.h; sourceTree = "<group>"; };
		6A4BEEE805A6C9FA009F0C88 /* BWindowUtils.cpp */ = {isa = PBXFileReference; fileEncoding = 30; lastKnownFileType = sourcecode.cpp.cpp; path = BWindowUtils.cpp; sourceTree = "<group>"; };
		6A4BEEE905A6C9FA009F0C88 /* BWindowUtils.h */ = {isa = PBXFileReference; fileEncoding = 30; lastKnownFileType = sourcecode.c.h; path = BWindowUtils.h; sourceTree = "<group>"; };
		6A4BEF1605A6D9EE009F0C88 /* BViewUtils.cpp */ = {isa = PBXFileReference; fileEncoding = 30; lastKnownFileType = sourcecode.cpp.cpp; path = BViewUtils.cpp; sourceTree = "<group>"; };
		6A4BEF1705A6D9EE009F0C88 /* BViewUtils.h */ = {isa = PBXFileReference; fileEncoding = 30; lastKnownFileType = sourcecode.c.h; path = BViewUtils.h; sourceTree = "<group>"; };
		6A5346BE05B9E7DD004E26A0 /* condition.cpp */ = {isa = PBXFileReference; fileEncoding = 30; lastKnownFileType = sourcecode.cpp.cpp; path = condition.cpp; sourceTree = "<group>"; };
		6A5346BF05B9E7DD004E26A0 /* exceptions.cpp */ = {isa = PBXFileReference; fileEncoding = 30; lastKnownFileType = sourcecode.cpp.cpp; path = exceptions.cpp; sourceTree = "<group>"; };
		6A5346C005B9E7DD004E26A0 /* mutex.cpp */ = {isa = PBXFileReference; fileEncoding = 30; lastKnownFileType = sourcecode.cpp.cpp; path = mutex.cpp; sourceTree = "<group>"; };
		6A5346C105B9E7DD004E26A0 /* once.cpp */ = {isa = PBXFileReference; fileEncoding = 30; lastKnownFileType = sourcecode.cpp.cpp; path = once.cpp; sourceTree = "<group>"; };
		6A5346C205B9E7DD004E26A0 /* recursive_mutex.cpp */ = {isa = PBXFileReference; fileEncoding = 30; lastKnownFileType = sourcecode.cpp.cpp; path = recursive_mutex.cpp; sourceTree = "<group>"; };
		6A5346C305B9E7DD004E26A0 /* thread.cpp */ = {isa = PBXFileReference; fileEncoding = 30; lastKnownFileType = sourcecode.cpp.cpp; path = thread.cpp; sourceTree = "<group>"; };
		6A5346C505B9E7DD004E26A0 /* tss.cpp */ = {isa = PBXFileReference; fileEncoding = 30; lastKnownFileType = sourcecode.cpp.cpp; path = tss.cpp; sourceTree = "<group>"; };
		6A5346C605B9E7DD004E26A0 /* xtime.cpp */ = {isa = PBXFileReference; fileEncoding = 30; lastKnownFileType = sourcecode.cpp.cpp; path = xtime.cpp; sourceTree = "<group>"; };
		6A5E3C0705D479B2008351B7 /* BDialogModality.cpp */ = {isa = PBXFileReference; fileEncoding = 30; lastKnownFileType = sourcecode.cpp.cpp; path = BDialogModality.cpp; sourceTree = "<group>"; };
		6A605DDE0555CECC00824720 /* BAEWriter.h */ = {isa = PBXFileReference; fileEncoding = 30; lastKnownFileType = sourcecode.c.h; path = BAEWriter.h; sourceTree = "<group>"; };
		6A605DDF0555CECC00824720 /* BAEWriter.cpp */ = {isa = PBXFileReference; fileEncoding = 30; lastKnownFileType = sourcecode.cpp.cpp; path = BAEWriter.cpp; sourceTree = "<group>"; };
		6A605DE00555CECC00824720 /* BAEReader.h */ = {isa = PBXFileReference; fileEncoding = 30; lastKnownFileType = sourcecode.c.h; path = BAEReader.h; sourceTree = "<group>"; };
		6A605DE10555CECC00824720 /* BAEReader.cpp */ = {isa = PBXFileReference; fileEncoding = 30; lastKnownFileType = sourcecode.cpp.cpp; path = BAEReader.cpp; sourceTree = "<group>"; };
		6A605DE20555CECC00824720 /* BAEObjectSupport.h */ = {isa = PBXFileReference; fileEncoding = 30; lastKnownFileType = sourcecode.c.h; path = BAEObjectSupport.h; sourceTree = "<group>"; };
		6A605DE30555CECC00824720 /* BAEObjectSupport.cpp */ = {isa = PBXFileReference; fileEncoding = 30; lastKnownFileType = sourcecode.cpp.cpp; path = BAEObjectSupport.cpp; sourceTree = "<group>"; };
		6A605DE40555CECC00824720 /* BAEObject.h */ = {isa = PBXFileReference; fileEncoding = 30; lastKnownFileType = sourcecode.c.h; path = BAEObject.h; sourceTree = "<group>"; };
		6A605DE50555CECC00824720 /* BAEObject.cpp */ = {isa = PBXFileReference; fileEncoding = 30; lastKnownFileType = sourcecode.cpp.cpp; path = BAEObject.cpp; sourceTree = "<group>"; };
		6A605DE60555CECC00824720 /* BAEEvent.h */ = {isa = PBXFileReference; fileEncoding = 30; lastKnownFileType = sourcecode.c.h; path = BAEEvent.h; sourceTree = "<group>"; };
		6A605DE70555CECC00824720 /* BAEEvent.cpp */ = {isa = PBXFileReference; fileEncoding = 30; lastKnownFileType = sourcecode.cpp.cpp; path = BAEEvent.cpp; sourceTree = "<group>"; };
		6A605DE80555CECC00824720 /* BAEDescriptor.h */ = {isa = PBXFileReference; fileEncoding = 30; lastKnownFileType = sourcecode.c.h; path = BAEDescriptor.h; sourceTree = "<group>"; };
		6A605DE90555CECC00824720 /* BAEDescriptor.cpp */ = {isa = PBXFileReference; fileEncoding = 30; lastKnownFileType = sourcecode.cpp.cpp; path = BAEDescriptor.cpp; sourceTree = "<group>"; };
		6A605DEA0555CECC00824720 /* BAEDescParam.h */ = {isa = PBXFileReference; fileEncoding = 30; lastKnownFileType = sourcecode.c.h; path = BAEDescParam.h; sourceTree = "<group>"; };
		6A605DEB0555CECC00824720 /* BAEDescParam.cpp */ = {isa = PBXFileReference; fileEncoding = 30; lastKnownFileType = sourcecode.cpp.cpp; path = BAEDescParam.cpp; sourceTree = "<group>"; };
		6A605E690555D16900824720 /* BApplication.tpl.h */ = {isa = PBXFileReference; fileEncoding = 30; lastKnownFileType = sourcecode.c.h; path = BApplication.tpl.h; sourceTree = "<group>"; };
		6A605E6A0555D16900824720 /* BNib.h */ = {isa = PBXFileReference; fileEncoding = 30; lastKnownFileType = sourcecode.c.h; path = BNib.h; sourceTree = "<group>"; };
		6A605E6B0555D16900824720 /* BNib.cpp */ = {isa = PBXFileReference; fileEncoding = 30; lastKnownFileType = sourcecode.cpp.cpp; path = BNib.cpp; sourceTree = "<group>"; };
		6A605E6C0555D16900824720 /* BApplication.h */ = {isa = PBXFileReference; fileEncoding = 30; lastKnownFileType = sourcecode.c.h; path = BApplication.h; sourceTree = "<group>"; };
		6A605E710555D18A00824720 /* BTaggedTypeTraits.h */ = {isa = PBXFileReference; fileEncoding = 30; lastKnownFileType = sourcecode.c.h; path = BTaggedTypeTraits.h; sourceTree = "<group>"; };
		6A605E720555D18A00824720 /* BEventTarget.h */ = {isa = PBXFileReference; fileEncoding = 30; lastKnownFileType = sourcecode.c.h; path = BEventTarget.h; sourceTree = "<group>"; };
		6A605E730555D18A00824720 /* BEventTarget.cpp */ = {isa = PBXFileReference; fileEncoding = 30; lastKnownFileType = sourcecode.cpp.cpp; path = BEventTarget.cpp; sourceTree = "<group>"; };
		6A605E740555D18A00824720 /* BEventHandler.cpp */ = {isa = PBXFileReference; fileEncoding = 30; lastKnownFileType = sourcecode.cpp.cpp; path = BEventHandler.cpp; sourceTree = "<group>"; };
		6A605E770555D18A00824720 /* BEventParams.h */ = {isa = PBXFileReference; fileEncoding = 30; lastKnownFileType = sourcecode.c.h; path = BEventParams.h; sourceTree = "<group>"; };
		6A605E780555D18A00824720 /* BEventParams.cpp */ = {isa = PBXFileReference; fileEncoding = 30; lastKnownFileType = sourcecode.cpp.cpp; path = BEventParams.cpp; sourceTree = "<group>"; };
		6A605E790555D18A00824720 /* BEventHandler.h */ = {isa = PBXFileReference; fileEncoding = 30; lastKnownFileType = sourcecode.c.h; path = BEventHandler.h; sourceTree = "<group>"; };
		6A605E7A0555D18A00824720 /* BCommandData.h */ = {isa = PBXFileReference; fileEncoding = 30; lastKnownFileType = sourcecode.c.h; path = BCommandData.h; sourceTree = "<group>"; };
		6A605E7B0555D18A00824720 /* BEventCustomParams.h */ = {isa = PBXFileReference; fileEncoding = 30; lastKnownFileType = sourcecode.c.h; path = BEventCustomParams.h; sourceTree = "<group>"; };
		6A605E7C0555D18A00824720 /* BEvent.h */ = {isa = PBXFileReference; fileEncoding = 30; lastKnownFileType = sourcecode.c.h; path = BEvent.h; sourceTree = "<group>"; };
		6A605E7D0555D18A00824720 /* BEvent.cpp */ = {isa = PBXFileReference; fileEncoding = 30; lastKnownFileType = sourcecode.cpp.cpp; path = BEvent.cpp; sourceTree = "<group>"; };
		6A605E7E0555D18A00824720 /* BCommandData.cpp */ = {isa = PBXFileReference; fileEncoding = 30; lastKnownFileType = sourcecode.cpp.cpp; path = BCommandData.cpp; sourceTree = "<group>"; };
		6A605E9D0555D1EB00824720 /* BNullDocumentPolicy.h */ = {isa = PBXFileReference; fileEncoding = 30; lastKnownFileType = sourcecode.c.h; path = BNullDocumentPolicy.h; sourceTree = "<group>"; };
		6A605E9E0555D1EB00824720 /* BNullDocumentPolicy.cpp */ = {isa = PBXFileReference; fileEncoding = 30; lastKnownFileType = sourcecode.cpp.cpp; path = BNullDocumentPolicy.cpp; sourceTree = "<group>"; };
		6A605EA10555D1EB00824720 /* BAbstractDocument.cpp */ = {isa = PBXFileReference; fileEncoding = 30; lastKnownFileType = sourcecode.cpp.cpp; path = BAbstractDocument.cpp; sourceTree = "<group>"; };
		6A605EA20555D1EB00824720 /* BAbstractDocument.h */ = {isa = PBXFileReference; fileEncoding = 30; lastKnownFileType = sourcecode.c.h; path = BAbstractDocument.h; sourceTree = "<group>"; };
		6A605ED10555D28000824720 /* BString.h */ = {isa = PBXFileReference; fileEncoding = 30; lastKnownFileType = sourcecode.c.h; path = BString.h; sourceTree = "<group>"; };
		6A605ED20555D28000824720 /* BString.cpp */ = {isa = PBXFileReference; fileEncoding = 30; lastKnownFileType = sourcecode.cpp.cpp; path = BString.cpp; sourceTree = "<group>"; };
		6A605ED60555D29D00824720 /* BToolboxViews.cpp */ = {isa = PBXFileReference; fileEncoding = 30; lastKnownFileType = sourcecode.cpp.cpp; path = BToolboxViews.cpp; sourceTree = "<group>"; };
		6A605EDA0555D29D00824720 /* BViewFactory.cpp */ = {isa = PBXFileReference; fileEncoding = 30; lastKnownFileType = sourcecode.cpp.cpp; path = BViewFactory.cpp; sourceTree = "<group>"; };
		6A605EDE0555D29D00824720 /* BCustomView.h */ = {isa = PBXFileReference; fileEncoding = 30; lastKnownFileType = sourcecode.c.h; path = BCustomView.h; sourceTree = "<group>"; };
		6A605EE00555D29D00824720 /* BCustomView.cpp */ = {isa = PBXFileReference; fileEncoding = 30; lastKnownFileType = sourcecode.cpp.cpp; path = BCustomView.cpp; sourceTree = "<group>"; };
		6A605EE10555D29D00824720 /* BViewData.cpp */ = {isa = PBXFileReference; fileEncoding = 30; lastKnownFileType = sourcecode.cpp.cpp; path = BViewData.cpp; sourceTree = "<group>"; };
		6A605EE20555D29D00824720 /* BToolboxViews.h */ = {isa = PBXFileReference; fileEncoding = 30; lastKnownFileType = sourcecode.c.h; path = BToolboxViews.h; sourceTree = "<group>"; };
		6A605EE30555D29D00824720 /* BViewFactory.h */ = {isa = PBXFileReference; fileEncoding = 30; lastKnownFileType = sourcecode.c.h; path = BViewFactory.h; sourceTree = "<group>"; };
		6A605EE40555D29D00824720 /* BView.cpp */ = {isa = PBXFileReference; fileEncoding = 30; lastKnownFileType = sourcecode.cpp.cpp; path = BView.cpp; sourceTree = "<group>"; };
		6A605EEB0555D29D00824720 /* BViewData.h */ = {isa = PBXFileReference; fileEncoding = 30; lastKnownFileType = sourcecode.c.h; path = BViewData.h; sourceTree = "<group>"; };
		6A605EEC0555D29D00824720 /* BView.h */ = {isa = PBXFileReference; fileEncoding = 30; lastKnownFileType = sourcecode.c.h; path = BView.h; sourceTree = "<group>"; };
		6A605F070555D30500824720 /* BWindow.h */ = {isa = PBXFileReference; fileEncoding = 30; lastKnownFileType = sourcecode.c.h; path = BWindow.h; sourceTree = "<group>"; };
		6A605F080555D30500824720 /* BWindow.cpp */ = {isa = PBXFileReference; fileEncoding = 30; lastKnownFileType = sourcecode.cpp.cpp; path = BWindow.cpp; sourceTree = "<group>"; };
		6A605F090555D30500824720 /* BAboutBox.cpp */ = {isa = PBXFileReference; fileEncoding = 30; lastKnownFileType = sourcecode.cpp.cpp; path = BAboutBox.cpp; sourceTree = "<group>"; };
		6A605F0A0555D30500824720 /* BAboutBox.h */ = {isa = PBXFileReference; fileEncoding = 30; lastKnownFileType = sourcecode.c.h; path = BAboutBox.h; sourceTree = "<group>"; };
		6A605F240555D59D00824720 /* MoreBBLog.h */ = {isa = PBXFileReference; fileEncoding = 30; lastKnownFileType = sourcecode.c.h; name = MoreBBLog.h; path = "MIB-Libraries/MoreDebugging/MoreBBLog.h"; sourceTree = "<group>"; };
		6A605F270555D5C700824720 /* MoreAEDataModel.h */ = {isa = PBXFileReference; fileEncoding = 30; lastKnownFileType = sourcecode.c.h; name = MoreAEDataModel.h; path = "MIB-Libraries/MoreAppleEvents/MoreAEDataModel.h"; sourceTree = "<group>"; };
		6A667EB8056DB56D001BB668 /* BAutoRegion.cpp */ = {isa = PBXFileReference; fileEncoding = 30; lastKnownFileType = sourcecode.cpp.cpp; path = BAutoRegion.cpp; sourceTree = "<group>"; };
		6A667EB9056DB56D001BB668 /* BAutoRegion.h */ = {isa = PBXFileReference; fileEncoding = 30; lastKnownFileType = sourcecode.c.h; path = BAutoRegion.h; sourceTree = "<group>"; };
		6A667EBA056DB56D001BB668 /* BMutableShape.cpp */ = {isa = PBXFileReference; fileEncoding = 30; lastKnownFileType = sourcecode.cpp.cpp; path = BMutableShape.cpp; sourceTree = "<group>"; };
		6A667EBB056DB56D001BB668 /* BMutableShape.h */ = {isa = PBXFileReference; fileEncoding = 30; lastKnownFileType = sourcecode.c.h; path = BMutableShape.h; sourceTree = "<group>"; };
		6A667EBC056DB56D001BB668 /* BShape.cpp */ = {isa = PBXFileReference; fileEncoding = 30; lastKnownFileType = sourcecode.cpp.cpp; path = BShape.cpp; sourceTree = "<group>"; };
		6A667EBD056DB56D001BB668 /* BShape.h */ = {isa = PBXFileReference; fileEncoding = 30; lastKnownFileType = sourcecode.c.h; path = BShape.h; sourceTree = "<group>"; };
		6A66E7FD09EB475A00C5C0EA /* MoreAppleEvents.h */ = {isa = PBXFileReference; fileEncoding = 30; lastKnownFileType = sourcecode.c.h; name = MoreAppleEvents.h; path = "MIB-Libraries/MoreAppleEvents/MoreAppleEvents.h"; sourceTree = "<group>"; };
		6A66E81109EB478900C5C0EA /* BAEInfo.h */ = {isa = PBXFileReference; fileEncoding = 30; lastKnownFileType = sourcecode.c.h; path = BAEInfo.h; sourceTree = "<group>"; };
		6A66E81209EB478900C5C0EA /* BAESDefReader.cpp */ = {isa = PBXFileReference; fileEncoding = 30; lastKnownFileType = sourcecode.cpp.cpp; path = BAESDefReader.cpp; sourceTree = "<group>"; };
		6A66E81309EB478900C5C0EA /* BAESDefReader.h */ = {isa = PBXFileReference; fileEncoding = 30; lastKnownFileType = sourcecode.c.h; path = BAESDefReader.h; sourceTree = "<group>"; };
		6A66E81409EB478900C5C0EA /* BAEToken.cpp */ = {isa = PBXFileReference; fileEncoding = 30; lastKnownFileType = sourcecode.cpp.cpp; path = BAEToken.cpp; sourceTree = "<group>"; };
		6A66E81509EB478900C5C0EA /* BAEToken.h */ = {isa = PBXFileReference; fileEncoding = 30; lastKnownFileType = sourcecode.c.h; path = BAEToken.h; sourceTree = "<group>"; };
		6A66E81609EB478900C5C0EA /* BAEUtilities.cpp */ = {isa = PBXFileReference; fileEncoding = 30; lastKnownFileType = sourcecode.cpp.cpp; path = BAEUtilities.cpp; sourceTree = "<group>"; };
		6A66E81709EB478900C5C0EA /* BAEUtilities.h */ = {isa = PBXFileReference; fileEncoding = 30; lastKnownFileType = sourcecode.c.h; path = BAEUtilities.h; sourceTree = "<group>"; };
		6A66E82E09EB49B900C5C0EA /* libcrypto.dylib */ = {isa = PBXFileReference; lastKnownFileType = "compiled.mach-o.dylib"; name = libcrypto.dylib; path = /usr/lib/libcrypto.dylib; sourceTree = "<absolute>"; };
		6A795BD5093A239D00BD7A57 /* BQuickTimeUtilities.h */ = {isa = PBXFileReference; fileEncoding = 30; lastKnownFileType = sourcecode.c.h; path = BQuickTimeUtilities.h; sourceTree = "<group>"; };
		6A814F3605CC57C5006B8B0F /* DialogsWindow.cpp */ = {isa = PBXFileReference; fileEncoding = 30; lastKnownFileType = sourcecode.cpp.cpp; path = DialogsWindow.cpp; sourceTree = SOURCE_ROOT; };
		6A814F3705CC57C5006B8B0F /* DialogsWindow.h */ = {isa = PBXFileReference; fileEncoding = 30; lastKnownFileType = sourcecode.c.h; path = DialogsWindow.h; sourceTree = SOURCE_ROOT; };
		6A814F3805CC57C5006B8B0F /* OpenGLWindow.cpp */ = {isa = PBXFileReference; fileEncoding = 30; lastKnownFileType = sourcecode.cpp.cpp; path = OpenGLWindow.cpp; sourceTree = SOURCE_ROOT; };
		6A814F3905CC57C5006B8B0F /* OpenGLWindow.h */ = {isa = PBXFileReference; fileEncoding = 30; lastKnownFileType = sourcecode.c.h; path = OpenGLWindow.h; sourceTree = SOURCE_ROOT; };
		6A833F2109799C0B00DBB3C2 /* BTextValidator.cpp */ = {isa = PBXFileReference; fileEncoding = 30; lastKnownFileType = sourcecode.cpp.cpp; path = BTextValidator.cpp; sourceTree = "<group>"; };
		6A833F2209799C0B00DBB3C2 /* BTextValidator.h */ = {isa = PBXFileReference; fileEncoding = 30; lastKnownFileType = sourcecode.c.h; path = BTextValidator.h; sourceTree = "<group>"; };
		6A833F2309799C0B00DBB3C2 /* BTextSource.cpp */ = {isa = PBXFileReference; fileEncoding = 30; lastKnownFileType = sourcecode.cpp.cpp; path = BTextSource.cpp; sourceTree = "<group>"; };
		6A833F2409799C0B00DBB3C2 /* BTextSource.h */ = {isa = PBXFileReference; fileEncoding = 30; lastKnownFileType = sourcecode.c.h; path = BTextSource.h; sourceTree = "<group>"; };
		6A833FA40979D14D00DBB3C2 /* TextWindow.h */ = {isa = PBXFileReference; fileEncoding = 4; lastKnownFileType = sourcecode.c.h; path = TextWindow.h; sourceTree = "<group>"; };
		6A833FA50979D14E00DBB3C2 /* TextWindow.cpp */ = {isa = PBXFileReference; fileEncoding = 4; lastKnownFileType = sourcecode.cpp.cpp; path = TextWindow.cpp; sourceTree = "<group>"; };
		6A86EE020B2BBACF000484E0 /* Tarabiscoter.sdef */ = {isa = PBXFileReference; fileEncoding = 30; lastKnownFileType = text.sdef; path = Tarabiscoter.sdef; sourceTree = "<group>"; };
		6A86EE0C0B2BBB05000484E0 /* Tarabiscoter.sdef.r */ = {isa = PBXFileReference; fileEncoding = 30; lastKnownFileType = sourcecode.rez; name = Tarabiscoter.sdef.r; path = ../Tarabiscoter.sdef.r; sourceTree = BUILT_PRODUCTS_DIR; };
		6A9072AB05A47B1C0089DDBB /* BPageFormat.cpp */ = {isa = PBXFileReference; fileEncoding = 30; lastKnownFileType = sourcecode.cpp.cpp; path = BPageFormat.cpp; sourceTree = "<group>"; };
		6A9072AC05A47B1C0089DDBB /* BPageFormat.h */ = {isa = PBXFileReference; fileEncoding = 30; lastKnownFileType = sourcecode.c.h; path = BPageFormat.h; sourceTree = "<group>"; };
		6A9072AD05A47B1C0089DDBB /* BPrinter.cpp */ = {isa = PBXFileReference; fileEncoding = 30; lastKnownFileType = sourcecode.cpp.cpp; path = BPrinter.cpp; sourceTree = "<group>"; };
		6A9072AE05A47B1C0089DDBB /* BPrinter.h */ = {isa = PBXFileReference; fileEncoding = 30; lastKnownFileType = sourcecode.c.h; path = BPrinter.h; sourceTree = "<group>"; };
		6A9072AF05A47B1C0089DDBB /* BPrintSession.cpp */ = {isa = PBXFileReference; fileEncoding = 30; lastKnownFileType = sourcecode.cpp.cpp; path = BPrintSession.cpp; sourceTree = "<group>"; };
		6A9072B005A47B1C0089DDBB /* BPrintSession.h */ = {isa = PBXFileReference; fileEncoding = 30; lastKnownFileType = sourcecode.c.h; path = BPrintSession.h; sourceTree = "<group>"; };
		6A9072B105A47B1C0089DDBB /* BPrintSettings.cpp */ = {isa = PBXFileReference; fileEncoding = 30; lastKnownFileType = sourcecode.cpp.cpp; path = BPrintSettings.cpp; sourceTree = "<group>"; };
		6A9072B205A47B1C0089DDBB /* BPrintSettings.h */ = {isa = PBXFileReference; fileEncoding = 30; lastKnownFileType = sourcecode.c.h; path = BPrintSettings.h; sourceTree = "<group>"; };
		6A90730605A4A1D90089DDBB /* BSplitView.cpp */ = {isa = PBXFileReference; fileEncoding = 30; lastKnownFileType = sourcecode.cpp.cpp; path = BSplitView.cpp; sourceTree = "<group>"; };
		6A90730705A4A1D90089DDBB /* BSplitView.h */ = {isa = PBXFileReference; fileEncoding = 30; lastKnownFileType = sourcecode.c.h; path = BSplitView.h; sourceTree = "<group>"; };
		6A90730C05A4A2820089DDBB /* Split.h */ = {isa = PBXFileReference; fileEncoding = 30; lastKnownFileType = sourcecode.c.h; path = Split.h; sourceTree = SOURCE_ROOT; };
		6A90730D05A4A2820089DDBB /* Split.cpp */ = {isa = PBXFileReference; fileEncoding = 30; lastKnownFileType = sourcecode.cpp.cpp; path = Split.cpp; sourceTree = SOURCE_ROOT; };
		6A90733D05A4AA5E0089DDBB /* BCollectionItem.cpp */ = {isa = PBXFileReference; fileEncoding = 30; lastKnownFileType = sourcecode.cpp.cpp; path = BCollectionItem.cpp; sourceTree = "<group>"; };
		6A90733E05A4AA5E0089DDBB /* BCollectionItem.h */ = {isa = PBXFileReference; fileEncoding = 30; lastKnownFileType = sourcecode.c.h; path = BCollectionItem.h; sourceTree = "<group>"; };
		6A963D400598982600476551 /* BDrawer.h */ = {isa = PBXFileReference; fileEncoding = 4; lastKnownFileType = sourcecode.c.h; path = BDrawer.h; sourceTree = "<group>"; };
		6A963D410598982600476551 /* BDrawer.cpp */ = {isa = PBXFileReference; fileEncoding = 4; lastKnownFileType = sourcecode.cpp.cpp; path = BDrawer.cpp; sourceTree = "<group>"; };
		6AAA3DF9092ACE08002C4F51 /* BStringUtilities.cpp */ = {isa = PBXFileReference; fileEncoding = 30; lastKnownFileType = sourcecode.cpp.cpp; path = BStringUtilities.cpp; sourceTree = "<group>"; };
		6AAA3DFA092ACE08002C4F51 /* BStringUtilities.h */ = {isa = PBXFileReference; fileEncoding = 30; lastKnownFileType = sourcecode.c.h; path = BStringUtilities.h; sourceTree = "<group>"; };
		6AB1510D0558483C00A799A5 /* libMoreFilesX.a */ = {isa = PBXFileReference; lastKnownFileType = archive.ar; path = libMoreFilesX.a; sourceTree = "<group>"; };
		6AB266660A60370100198F15 /* BNullPrintPolicy.cpp */ = {isa = PBXFileReference; fileEncoding = 30; lastKnownFileType = sourcecode.cpp.cpp; path = BNullPrintPolicy.cpp; sourceTree = "<group>"; };
		6AB266670A60370100198F15 /* BNullPrintPolicy.h */ = {isa = PBXFileReference; fileEncoding = 30; lastKnownFileType = sourcecode.c.h; path = BNullPrintPolicy.h; sourceTree = "<group>"; };
		6AB266680A60370100198F15 /* BPrintPolicyConcept.h */ = {isa = PBXFileReference; fileEncoding = 30; lastKnownFileType = sourcecode.c.h; path = BPrintPolicyConcept.h; sourceTree = "<group>"; };
		6AB59EE605B2D371002CAE65 /* Layout.h */ = {isa = PBXFileReference; fileEncoding = 30; lastKnownFileType = sourcecode.c.h; path = Layout.h; sourceTree = SOURCE_ROOT; };
		6AB59EE705B2D371002CAE65 /* Layout.cpp */ = {isa = PBXFileReference; fileEncoding = 30; lastKnownFileType = sourcecode.cpp.cpp; path = Layout.cpp; sourceTree = SOURCE_ROOT; };
		6ABB059D059453AF00910B2E /* Tarabiscoter.pch++ */ = {isa = PBXFileReference; fileEncoding = 30; lastKnownFileType = sourcecode.cpp.h; path = "Tarabiscoter.pch++"; sourceTree = SOURCE_ROOT; };
		6ABB05B8059456AF00910B2E /* Tarabiscoter.nib */ = {isa = PBXFileReference; lastKnownFileType = wrapper.nib; path = Tarabiscoter.nib; sourceTree = SOURCE_ROOT; };
		6ABB05BC059456DB00910B2E /* Tarabiscoter.plist */ = {isa = PBXFileReference; fileEncoding = 4; lastKnownFileType = text.xml; path = Tarabiscoter.plist; sourceTree = SOURCE_ROOT; };
		6ABB05F705945E7500910B2E /* DrawerHost.h */ = {isa = PBXFileReference; fileEncoding = 30; lastKnownFileType = sourcecode.c.h; path = DrawerHost.h; sourceTree = SOURCE_ROOT; };
		6ABB05F805945E7500910B2E /* DrawerHost.cpp */ = {isa = PBXFileReference; fileEncoding = 30; lastKnownFileType = sourcecode.cpp.cpp; path = DrawerHost.cpp; sourceTree = SOURCE_ROOT; };
		6AC1D29605C1F0E300AFA75D /* BExceptionStreamer.cpp */ = {isa = PBXFileReference; fileEncoding = 30; lastKnownFileType = sourcecode.cpp.cpp; path = BExceptionStreamer.cpp; sourceTree = "<group>"; };
		6AC1D29705C1F0E300AFA75D /* BExceptionStreamer.h */ = {isa = PBXFileReference; fileEncoding = 30; lastKnownFileType = sourcecode.c.h; path = BExceptionStreamer.h; sourceTree = "<group>"; };
		6AC8E4D907F4B4980011C58E /* named_slot_map.cpp */ = {isa = PBXFileReference; fileEncoding = 30; lastKnownFileType = sourcecode.cpp.cpp; path = named_slot_map.cpp; sourceTree = "<group>"; };
		6ACF235205B59919003BE160 /* knob.icns */ = {isa = PBXFileReference; lastKnownFileType = image.icns; path = knob.icns; sourceTree = SOURCE_ROOT; };
		6AD3D60D05A9BDDD00473EC1 /* BFwd.r */ = {isa = PBXFileReference; fileEncoding = 30; lastKnownFileType = sourcecode.rez; path = BFwd.r; sourceTree = "<group>"; };
		6AD6FEC6056E708200B4BBC8 /* BHybridView.cpp */ = {isa = PBXFileReference; fileEncoding = 30; lastKnownFileType = sourcecode.cpp.cpp; path = BHybridView.cpp; sourceTree = "<group>"; };
		6AD6FEC7056E708200B4BBC8 /* BHybridView.h */ = {isa = PBXFileReference; fileEncoding = 30; lastKnownFileType = sourcecode.c.h; path = BHybridView.h; sourceTree = "<group>"; };
		6AF4E6080937950100E73EC8 /* BSaveInfo.cpp */ = {isa = PBXFileReference; fileEncoding = 30; lastKnownFileType = sourcecode.cpp.cpp; path = BSaveInfo.cpp; sourceTree = "<group>"; };
		6AF4E6090937950100E73EC8 /* BSaveInfo.h */ = {isa = PBXFileReference; fileEncoding = 30; lastKnownFileType = sourcecode.c.h; path = BSaveInfo.h; sourceTree = "<group>"; };
		6AF4E60D0937952200E73EC8 /* BFileUtilities.cpp */ = {isa = PBXFileReference; fileEncoding = 30; lastKnownFileType = sourcecode.cpp.cpp; path = BFileUtilities.cpp; sourceTree = "<group>"; };
		6AF4E60E0937952200E73EC8 /* BFileUtilities.h */ = {isa = PBXFileReference; fileEncoding = 30; lastKnownFileType = sourcecode.c.h; path = BFileUtilities.h; sourceTree = "<group>"; };
		6AF7A60305AFF97300EA275B /* B.pch++ */ = {isa = PBXFileReference; fileEncoding = 30; lastKnownFileType = sourcecode.cpp.h; path = "B.pch++"; sourceTree = "<group>"; };
		6AF7A61205AFFA7800EA275B /* connection.cpp */ = {isa = PBXFileReference; fileEncoding = 30; lastKnownFileType = sourcecode.cpp.cpp; path = connection.cpp; sourceTree = "<group>"; };
		6AF7A61305AFFA7800EA275B /* signal_base.cpp */ = {isa = PBXFileReference; fileEncoding = 30; lastKnownFileType = sourcecode.cpp.cpp; path = signal_base.cpp; sourceTree = "<group>"; };
		6AF7A61405AFFA7800EA275B /* slot.cpp */ = {isa = PBXFileReference; fileEncoding = 30; lastKnownFileType = sourcecode.cpp.cpp; path = slot.cpp; sourceTree = "<group>"; };
		6AF7A61505AFFA7800EA275B /* trackable.cpp */ = {isa = PBXFileReference; fileEncoding = 30; lastKnownFileType = sourcecode.cpp.cpp; path = trackable.cpp; sourceTree = "<group>"; };
		6AF7A66605B0066F00EA275B /* BDialog.h */ = {isa = PBXFileReference; fileEncoding = 4; lastKnownFileType = sourcecode.c.h; path = BDialog.h; sourceTree = "<group>"; };
		6AF7A66705B0066F00EA275B /* BDialog.cpp */ = {isa = PBXFileReference; fileEncoding = 4; lastKnownFileType = sourcecode.cpp.cpp; path = BDialog.cpp; sourceTree = "<group>"; };
		6AF7A73205B06D0700EA275B /* BUtility.h */ = {isa = PBXFileReference; fileEncoding = 30; lastKnownFileType = sourcecode.c.h; path = BUtility.h; sourceTree = "<group>"; };
		6AF7A75405B0787800EA275B /* BNavDialogs.cpp */ = {isa = PBXFileReference; fileEncoding = 30; lastKnownFileType = sourcecode.cpp.cpp; path = BNavDialogs.cpp; sourceTree = "<group>"; };
		6AF7A75505B0787800EA275B /* BNavDialogs.h */ = {isa = PBXFileReference; fileEncoding = 30; lastKnownFileType = sourcecode.c.h; path = BNavDialogs.h; sourceTree = "<group>"; };
		6AFCCF29054C328B005B689A /* Tarabiscoter.app */ = {isa = PBXFileReference; explicitFileType = wrapper.application; includeInIndex = 0; path = Tarabiscoter.app; sourceTree = BUILT_PRODUCTS_DIR; };
		6AFCCF7D054C328B005B689A /* B.nib */ = {isa = PBXFileReference; lastKnownFileType = wrapper.nib; name = B.nib; path = English.lproj/B.nib; sourceTree = "<group>"; };
		6AFCCF7E054C328B005B689A /* B.strings */ = {isa = PBXFileReference; fileEncoding = 30; lastKnownFileType = text.plist.strings; name = B.strings; path = English.lproj/B.strings; sourceTree = "<group>"; };
		6AFCCFD2054C328C005B689A /* MoreFilesX.h */ = {isa = PBXFileReference; fileEncoding = 30; lastKnownFileType = sourcecode.c.h; path = MoreFilesX.h; sourceTree = "<group>"; };
		6AFCCFDD054C328C005B689A /* MoreOSL.h */ = {isa = PBXFileReference; fileEncoding = 30; lastKnownFileType = sourcecode.c.h; name = MoreOSL.h; path = "MIB-Libraries/MoreOSL/MoreOSL.h"; sourceTree = "<group>"; };
		6AFCCFE3054C328C005B689A /* MoreOSLTokens.h */ = {isa = PBXFileReference; fileEncoding = 30; lastKnownFileType = sourcecode.c.h; name = MoreOSLTokens.h; path = "MIB-Libraries/MoreOSL/MoreOSLTokens.h"; sourceTree = "<group>"; };
		6AFCCFE5054C328C005B689A /* MoreProcesses.h */ = {isa = PBXFileReference; fileEncoding = 30; lastKnownFileType = sourcecode.c.h; name = MoreProcesses.h; path = "MIB-Libraries/MoreProcesses/MoreProcesses.h"; sourceTree = "<group>"; };
		6AFCD08D054C3294005B689A /* Carbon.framework */ = {isa = PBXFileReference; lastKnownFileType = wrapper.framework; name = Carbon.framework; path = /System/Library/Frameworks/Carbon.framework; sourceTree = "<absolute>"; };
		6AFCD099054C3295005B689A /* CoreServices.framework */ = {isa = PBXFileReference; lastKnownFileType = wrapper.framework; name = CoreServices.framework; path = /System/Library/Frameworks/CoreServices.framework; sourceTree = "<absolute>"; };
		6AFCD09B054C3295005B689A /* CoreFoundation.framework */ = {isa = PBXFileReference; lastKnownFileType = wrapper.framework; name = CoreFoundation.framework; path = /System/Library/Frameworks/CoreFoundation.framework; sourceTree = "<absolute>"; };
		6AFCD09F054C3295005B689A /* ApplicationServices.framework */ = {isa = PBXFileReference; lastKnownFileType = wrapper.framework; name = ApplicationServices.framework; path = /System/Library/Frameworks/ApplicationServices.framework; sourceTree = "<absolute>"; };
		6AFCD0A1054C3295005B689A /* MoreSetup.h */ = {isa = PBXFileReference; fileEncoding = 30; lastKnownFileType = sourcecode.c.h; name = MoreSetup.h; path = "MIB-Libraries/MoreSetup.h"; sourceTree = "<group>"; };
		6AFCD0B1054C3295005B689A /* MoreResources.h */ = {isa = PBXFileReference; fileEncoding = 30; lastKnownFileType = sourcecode.c.h; name = MoreResources.h; path = "MIB-Libraries/MoreResources/MoreResources.h"; sourceTree = "<group>"; };
/* End PBXFileReference section */

/* Begin PBXFrameworksBuildPhase section */
		6AFCCF26054C328B005B689A /* Frameworks */ = {
			isa = PBXFrameworksBuildPhase;
			buildActionMask = 2147483647;
			files = (
				6AFCD08E054C3294005B689A /* Carbon.framework in Frameworks */,
				6AFCD09A054C3295005B689A /* CoreServices.framework in Frameworks */,
				6AFCD09C054C3295005B689A /* CoreFoundation.framework in Frameworks */,
				6AFCD0A0054C3295005B689A /* ApplicationServices.framework in Frameworks */,
				6A0C5D63055615A7005E4238 /* libMoreIsBetterLib.a in Frameworks */,
				6AB1510E0558483C00A799A5 /* libMoreFilesX.a in Frameworks */,
				6A45005F05A551CA008FC00F /* QuickTime.framework in Frameworks */,
				6A3FFA6E0922247100295735 /* AGL.framework in Frameworks */,
				6A3FFA7A0922248C00295735 /* OpenGL.framework in Frameworks */,
				6A66E82F09EB49B900C5C0EA /* libcrypto.dylib in Frameworks */,
				6A0526540B64748500CAAA0C /* IOBluetooth.framework in Frameworks */,
				6A05267F0B64774200CAAA0C /* IOBluetoothUI.framework in Frameworks */,
				6A0527430B647D7700CAAA0C /* Foundation.framework in Frameworks */,
				6A0527A40B647FB600CAAA0C /* AppKit.framework in Frameworks */,
			);
			runOnlyForDeploymentPostprocessing = 0;
		};
/* End PBXFrameworksBuildPhase section */

/* Begin PBXGroup section */
		6A21824A05A8FBC20051B563 /* MoreFilesX */ = {
			isa = PBXGroup;
			children = (
				6AFCCFD2054C328C005B689A /* MoreFilesX.h */,
				6AB1510D0558483C00A799A5 /* libMoreFilesX.a */,
			);
			name = MoreFilesX;
			path = apple/MoreFilesX;
			sourceTree = "<group>";
		};
		6A21824B05A8FBED0051B563 /* MoreIsBetter */ = {
			isa = PBXGroup;
			children = (
				6A605F270555D5C700824720 /* MoreAEDataModel.h */,
				6A66E7FD09EB475A00C5C0EA /* MoreAppleEvents.h */,
				6A605F240555D59D00824720 /* MoreBBLog.h */,
				6AFCCFDD054C328C005B689A /* MoreOSL.h */,
				6AFCCFE3054C328C005B689A /* MoreOSLTokens.h */,
				6AFCCFE5054C328C005B689A /* MoreProcesses.h */,
				6AFCD0B1054C3295005B689A /* MoreResources.h */,
				6AFCD0A1054C3295005B689A /* MoreSetup.h */,
				6A0C5D62055615A7005E4238 /* libMoreIsBetterLib.a */,
			);
			name = MoreIsBetter;
			path = apple/MoreIsBetter;
			sourceTree = "<group>";
		};
		6A2224E70A339FB0006B489A /* Graphics */ = {
			isa = PBXGroup;
			children = (
				6A2224E80A339FB0006B489A /* BColor.cpp */,
				6A2224E90A339FB0006B489A /* BColor.h */,
			);
			path = Graphics;
			sourceTree = "<group>";
		};
		6A230DD1057FC7790082F91B /* Menus */ = {
			isa = PBXGroup;
			children = (
				6A230DD5057FC7790082F91B /* BMenu.h */,
			);
			path = Menus;
			sourceTree = "<group>";
		};
		6A3A168B054F707D00AC0AE7 /* Printing */ = {
			isa = PBXGroup;
			children = (
				6AB266660A60370100198F15 /* BNullPrintPolicy.cpp */,
				6AB266670A60370100198F15 /* BNullPrintPolicy.h */,
				6A9072AB05A47B1C0089DDBB /* BPageFormat.cpp */,
				6A9072AC05A47B1C0089DDBB /* BPageFormat.h */,
				6A9072AD05A47B1C0089DDBB /* BPrinter.cpp */,
				6A9072AE05A47B1C0089DDBB /* BPrinter.h */,
				6AB266680A60370100198F15 /* BPrintPolicyConcept.h */,
				6A9072AF05A47B1C0089DDBB /* BPrintSession.cpp */,
				6A9072B005A47B1C0089DDBB /* BPrintSession.h */,
				6A9072B105A47B1C0089DDBB /* BPrintSettings.cpp */,
				6A9072B205A47B1C0089DDBB /* BPrintSettings.h */,
			);
			path = Printing;
			sourceTree = "<group>";
		};
		6A5346BD05B9E7A3004E26A0 /* thread */ = {
			isa = PBXGroup;
			children = (
				6A5346BE05B9E7DD004E26A0 /* condition.cpp */,
				6A5346BF05B9E7DD004E26A0 /* exceptions.cpp */,
				6A5346C005B9E7DD004E26A0 /* mutex.cpp */,
				6A5346C105B9E7DD004E26A0 /* once.cpp */,
				6A5346C205B9E7DD004E26A0 /* recursive_mutex.cpp */,
				6A5346C305B9E7DD004E26A0 /* thread.cpp */,
				6A5346C505B9E7DD004E26A0 /* tss.cpp */,
				6A5346C605B9E7DD004E26A0 /* xtime.cpp */,
			);
			name = thread;
			path = thread/src;
			sourceTree = "<group>";
		};
		6A795BBE093A233600BD7A57 /* QuickTime */ = {
			isa = PBXGroup;
			children = (
				6A795BD5093A239D00BD7A57 /* BQuickTimeUtilities.h */,
			);
			path = QuickTime;
			sourceTree = "<group>";
		};
		6A833F2009799C0B00DBB3C2 /* Text */ = {
			isa = PBXGroup;
			children = (
				6A833F2309799C0B00DBB3C2 /* BTextSource.cpp */,
				6A833F2409799C0B00DBB3C2 /* BTextSource.h */,
				6A335ECF097A10890027DAF6 /* BTextFilters.cpp */,
				6A335ECE097A10890027DAF6 /* BTextFilters.h */,
				6A833F2109799C0B00DBB3C2 /* BTextValidator.cpp */,
				6A833F2209799C0B00DBB3C2 /* BTextValidator.h */,
			);
			path = Text;
			sourceTree = "<group>";
		};
		6AF7A61005AFF9B100EA275B /* boost */ = {
			isa = PBXGroup;
			children = (
				6AF7A61105AFF9D900EA275B /* signals */,
				6A5346BD05B9E7A3004E26A0 /* thread */,
			);
			name = boost;
			path = libs;
			sourceTree = boost;
		};
		6AF7A61105AFF9D900EA275B /* signals */ = {
			isa = PBXGroup;
			children = (
				6AC8E4D907F4B4980011C58E /* named_slot_map.cpp */,
				6AF7A61205AFFA7800EA275B /* connection.cpp */,
				6AF7A61305AFFA7800EA275B /* signal_base.cpp */,
				6AF7A61405AFFA7800EA275B /* slot.cpp */,
				6AF7A61505AFFA7800EA275B /* trackable.cpp */,
			);
			name = signals;
			path = signals/src;
			sourceTree = "<group>";
		};
		6AFCCF1F054C328B005B689A = {
			isa = PBXGroup;
			children = (
				6AFCCF34054C328B005B689A /* Sources */,
				6AFCCF3A054C328B005B689A /* Resources */,
				6AFCCF3D054C328B005B689A /* B */,
				6AFCD08C054C3294005B689A /* Frameworks and Libraries */,
				6AFCCF2A054C328B005B689A /* Products */,
			);
			sourceTree = "<group>";
		};
		6AFCCF2A054C328B005B689A /* Products */ = {
			isa = PBXGroup;
			children = (
				6AFCCF29054C328B005B689A /* Tarabiscoter.app */,
			);
			name = Products;
			sourceTree = "<group>";
		};
		6AFCCF34054C328B005B689A /* Sources */ = {
			isa = PBXGroup;
			children = (
				6A0527760B647E5900CAAA0C /* untitled */,
				6ABB059D059453AF00910B2E /* Tarabiscoter.pch++ */,
				6A814F3605CC57C5006B8B0F /* DialogsWindow.cpp */,
				6A814F3705CC57C5006B8B0F /* DialogsWindow.h */,
				6ABB05F805945E7500910B2E /* DrawerHost.cpp */,
				6ABB05F705945E7500910B2E /* DrawerHost.h */,
				6AB59EE705B2D371002CAE65 /* Layout.cpp */,
				6AB59EE605B2D371002CAE65 /* Layout.h */,
				6A2B848D05CF94AC00565AC7 /* NavigationWindow.cpp */,
				6A2B848E05CF94AC00565AC7 /* NavigationWindow.h */,
				6A814F3805CC57C5006B8B0F /* OpenGLWindow.cpp */,
				6A814F3905CC57C5006B8B0F /* OpenGLWindow.h */,
				6A90730D05A4A2820089DDBB /* Split.cpp */,
				6A90730C05A4A2820089DDBB /* Split.h */,
				6A0684BF05B619D500E4C681 /* TarabiscoterApp.cpp */,
				6A0684C005B619D500E4C681 /* TarabiscoterApp.h */,
				6A833FA50979D14E00DBB3C2 /* TextWindow.cpp */,
				6A833FA40979D14D00DBB3C2 /* TextWindow.h */,
			);
			name = Sources;
			sourceTree = "<group>";
		};
		6AFCCF3A054C328B005B689A /* Resources */ = {
			isa = PBXGroup;
			children = (
				6A86EE0C0B2BBB05000484E0 /* Tarabiscoter.sdef.r */,
				6A86EE020B2BBACF000484E0 /* Tarabiscoter.sdef */,
				6ACF235205B59919003BE160 /* knob.icns */,
				6ABB05B8059456AF00910B2E /* Tarabiscoter.nib */,
				6ABB05BC059456DB00910B2E /* Tarabiscoter.plist */,
			);
			name = Resources;
			sourceTree = "<group>";
		};
		6AFCCF3D054C328B005B689A /* B */ = {
			isa = PBXGroup;
			children = (
				6AF7A60305AFF97300EA275B /* B.pch++ */,
				6AFCCF3E054C328B005B689A /* AppleEvents */,
				6AFCCF4F054C328B005B689A /* Applications */,
				6AFCCF54054C328B005B689A /* CarbonEvents */,
				6AFCCF61054C328B005B689A /* DataExchange */,
				6AFCCF6A054C328B005B689A /* Documents */,
				6A2224E70A339FB0006B489A /* Graphics */,
				6A230DD1057FC7790082F91B /* Menus */,
				6A3A168B054F707D00AC0AE7 /* Printing */,
				6A795BBE093A233600BD7A57 /* QuickTime */,
				6AFCCF7C054C328B005B689A /* Resources */,
				6A833F2009799C0B00DBB3C2 /* Text */,
				6AFCCF84054C328B005B689A /* Undo */,
				6AFCCF8D054C328B005B689A /* Utilities */,
				6AFCCFAC054C328B005B689A /* Views */,
				6AFCCFC3054C328C005B689A /* Windows */,
			);
			name = B;
			path = b/src;
			sourceTree = B;
		};
		6AFCCF3E054C328B005B689A /* AppleEvents */ = {
			isa = PBXGroup;
			children = (
				6A605DEB0555CECC00824720 /* BAEDescParam.cpp */,
				6A605DEA0555CECC00824720 /* BAEDescParam.h */,
				6A605DE90555CECC00824720 /* BAEDescriptor.cpp */,
				6A605DE80555CECC00824720 /* BAEDescriptor.h */,
				6A605DE70555CECC00824720 /* BAEEvent.cpp */,
				6A605DE60555CECC00824720 /* BAEEvent.h */,
				6A66E81109EB478900C5C0EA /* BAEInfo.h */,
				6A605DE50555CECC00824720 /* BAEObject.cpp */,
				6A605DE40555CECC00824720 /* BAEObject.h */,
				6A605DE30555CECC00824720 /* BAEObjectSupport.cpp */,
				6A605DE20555CECC00824720 /* BAEObjectSupport.h */,
				6A605DE10555CECC00824720 /* BAEReader.cpp */,
				6A605DE00555CECC00824720 /* BAEReader.h */,
				6A66E81209EB478900C5C0EA /* BAESDefReader.cpp */,
				6A66E81309EB478900C5C0EA /* BAESDefReader.h */,
				6A66E81409EB478900C5C0EA /* BAEToken.cpp */,
				6A66E81509EB478900C5C0EA /* BAEToken.h */,
				6A66E81609EB478900C5C0EA /* BAEUtilities.cpp */,
				6A66E81709EB478900C5C0EA /* BAEUtilities.h */,
				6A605DDF0555CECC00824720 /* BAEWriter.cpp */,
				6A605DDE0555CECC00824720 /* BAEWriter.h */,
			);
			path = AppleEvents;
			sourceTree = "<group>";
		};
		6AFCCF4F054C328B005B689A /* Applications */ = {
			isa = PBXGroup;
			children = (
				6A605E6A0555D16900824720 /* BNib.h */,
				6A605E6B0555D16900824720 /* BNib.cpp */,
				6A605E690555D16900824720 /* BApplication.tpl.h */,
				6A605E6C0555D16900824720 /* BApplication.h */,
			);
			path = Applications;
			sourceTree = "<group>";
		};
		6AFCCF54054C328B005B689A /* CarbonEvents */ = {
			isa = PBXGroup;
			children = (
				6A605E7E0555D18A00824720 /* BCommandData.cpp */,
				6A605E7A0555D18A00824720 /* BCommandData.h */,
				6A605E7D0555D18A00824720 /* BEvent.cpp */,
				6A605E7C0555D18A00824720 /* BEvent.h */,
				6A605E7B0555D18A00824720 /* BEventCustomParams.h */,
				6A605E780555D18A00824720 /* BEventParams.cpp */,
				6A605E770555D18A00824720 /* BEventParams.h */,
				6A605E740555D18A00824720 /* BEventHandler.cpp */,
				6A605E790555D18A00824720 /* BEventHandler.h */,
				6A605E730555D18A00824720 /* BEventTarget.cpp */,
				6A605E720555D18A00824720 /* BEventTarget.h */,
				6A605E710555D18A00824720 /* BTaggedTypeTraits.h */,
			);
			path = CarbonEvents;
			sourceTree = "<group>";
		};
		6AFCCF61054C328B005B689A /* DataExchange */ = {
			isa = PBXGroup;
			children = (
			);
			path = DataExchange;
			sourceTree = "<group>";
		};
		6AFCCF6A054C328B005B689A /* Documents */ = {
			isa = PBXGroup;
			children = (
				6A605EA10555D1EB00824720 /* BAbstractDocument.cpp */,
				6A605EA20555D1EB00824720 /* BAbstractDocument.h */,
				6A605E9E0555D1EB00824720 /* BNullDocumentPolicy.cpp */,
				6A605E9D0555D1EB00824720 /* BNullDocumentPolicy.h */,
				6AF4E6080937950100E73EC8 /* BSaveInfo.cpp */,
				6AF4E6090937950100E73EC8 /* BSaveInfo.h */,
			);
			path = Documents;
			sourceTree = "<group>";
		};
		6AFCCF7C054C328B005B689A /* Resources */ = {
			isa = PBXGroup;
			children = (
				6AFCCF7D054C328B005B689A /* B.nib */,
				6A3A16CF054F726800AC0AE7 /* B.r */,
				6AFCCF7E054C328B005B689A /* B.strings */,
				6AD3D60D05A9BDDD00473EC1 /* BFwd.r */,
			);
			path = Resources;
			sourceTree = "<group>";
		};
		6AFCCF84054C328B005B689A /* Undo */ = {
			isa = PBXGroup;
			children = (
				6A2F4380055DCB250085519F /* BNullUndoPolicy.cpp */,
				6A2F4381055DCB250085519F /* BNullUndoPolicy.h */,
				6A2F43AE055DCD680085519F /* BUndoAction.cpp */,
				6A2F43AF055DCD680085519F /* BUndoAction.h */,
				6A2F4382055DCB250085519F /* BUndoPolicyHelpers.cpp */,
				6A2F4383055DCB250085519F /* BUndoPolicyHelpers.h */,
				6A2F4384055DCB250085519F /* BUndoPolicyHelpers.tpl.h */,
			);
			path = Undo;
			sourceTree = "<group>";
		};
		6AFCCF8D054C328B005B689A /* Utilities */ = {
			isa = PBXGroup;
			children = (
				6A05271B0B647CAD00CAAA0C /* BAutoreleasePool.mm */,
				6A05271A0B647CAD00CAAA0C /* BAutoreleasePool.h */,
				6A667EB8056DB56D001BB668 /* BAutoRegion.cpp */,
				6A667EB9056DB56D001BB668 /* BAutoRegion.h */,
				6A427C110920DD0B000D6E1F /* BAutoTrackingArea.cpp */,
				6A427C100920DD0B000D6E1F /* BAutoTrackingArea.h */,
				6A0C5D7B0556165E005E4238 /* BBundle.cpp */,
				6A0C5D7C0556165E005E4238 /* BBundle.h */,
				6A90733D05A4AA5E0089DDBB /* BCollectionItem.cpp */,
				6A90733E05A4AA5E0089DDBB /* BCollectionItem.h */,
				6A4BEE6005A63B92009F0C88 /* BCursor.cpp */,
				6A4BEE6105A63B92009F0C88 /* BCursor.h */,
				6A0C5D69055615DA005E4238 /* BErrorHandler.cpp */,
				6A0C5D6A055615DA005E4238 /* BErrorHandler.h */,
				6A0C5D6B055615DA005E4238 /* BException.cpp */,
				6A0C5D6C055615DA005E4238 /* BException.h */,
				6AC1D29605C1F0E300AFA75D /* BExceptionStreamer.cpp */,
				6AC1D29705C1F0E300AFA75D /* BExceptionStreamer.h */,
				6AF4E60D0937952200E73EC8 /* BFileUtilities.cpp */,
				6AF4E60E0937952200E73EC8 /* BFileUtilities.h */,
				6A0C5D6D055615DA005E4238 /* BFwd.h */,
				6A0C5D6E055615DA005E4238 /* BHelpUtilities.cpp */,
				6A0C5D6F055615DA005E4238 /* BHelpUtilities.h */,
				6A2F43B4055DCD7F0085519F /* BIcon.cpp */,
				6A2F43B5055DCD7F0085519F /* BIcon.h */,
				6A45005405A54FC3008FC00F /* BImageUtilities.cpp */,
				6A45005505A54FC3008FC00F /* BImageUtilities.h */,
				6A45008505A55206008FC00F /* BMemoryUtilities.cpp */,
				6A45008605A55206008FC00F /* BMemoryUtilities.h */,
				6A667EBA056DB56D001BB668 /* BMutableShape.cpp */,
				6A667EBB056DB56D001BB668 /* BMutableShape.h */,
				6A0C5D9705561713005E4238 /* BMutableString.cpp */,
				6A0C5D9805561713005E4238 /* BMutableString.h */,
				6A3FFA37092221DF00295735 /* BOpenGLUtilities.cpp */,
				6A3FFA38092221DF00295735 /* BOpenGLUtilities.h */,
				6A0C5D9905561713005E4238 /* BOSPtr.h */,
				6A45008705A55206008FC00F /* BQuickdrawUtilities.cpp */,
				6A45008805A55206008FC00F /* BQuickdrawUtilities.h */,
				6A0C5D7F0556165E005E4238 /* BRect.cpp */,
				6A0C5D800556165E005E4238 /* BRect.h */,
				6A667EBC056DB56D001BB668 /* BShape.cpp */,
				6A667EBD056DB56D001BB668 /* BShape.h */,
				6A605ED20555D28000824720 /* BString.cpp */,
				6A605ED10555D28000824720 /* BString.h */,
				6A0C5D9A05561713005E4238 /* BStringFormatter.cpp */,
				6A0C5D9B05561713005E4238 /* BStringFormatter.h */,
				6AAA3DF9092ACE08002C4F51 /* BStringUtilities.cpp */,
				6AAA3DFA092ACE08002C4F51 /* BStringUtilities.h */,
				6A0C5D810556165E005E4238 /* BUrl.cpp */,
				6A0C5D820556165E005E4238 /* BUrl.h */,
				6AF7A73205B06D0700EA275B /* BUtility.h */,
				6A0C5D9C05561713005E4238 /* CFUtils.cpp */,
				6A0C5D9D05561713005E4238 /* CFUtils.h */,
			);
			path = Utilities;
			sourceTree = "<group>";
		};
		6AFCCFAC054C328B005B689A /* Views */ = {
			isa = PBXGroup;
			children = (
				6A605EE00555D29D00824720 /* BCustomView.cpp */,
				6A605EDE0555D29D00824720 /* BCustomView.h */,
				6AD6FEC6056E708200B4BBC8 /* BHybridView.cpp */,
				6AD6FEC7056E708200B4BBC8 /* BHybridView.h */,
				6A3FFA33092220B600295735 /* BOpenGLView.cpp */,
				6A3FFA34092220B600295735 /* BOpenGLView.h */,
				6A90730605A4A1D90089DDBB /* BSplitView.cpp */,
				6A90730705A4A1D90089DDBB /* BSplitView.h */,
				6A605ED60555D29D00824720 /* BToolboxViews.cpp */,
				6A605EE20555D29D00824720 /* BToolboxViews.h */,
				6A605EE40555D29D00824720 /* BView.cpp */,
				6A605EEC0555D29D00824720 /* BView.h */,
				6A605EE10555D29D00824720 /* BViewData.cpp */,
				6A605EEB0555D29D00824720 /* BViewData.h */,
				6A605EDA0555D29D00824720 /* BViewFactory.cpp */,
				6A605EE30555D29D00824720 /* BViewFactory.h */,
				6A230DB7057FC50D0082F91B /* BViewProperty.cpp */,
				6A230DB8057FC50D0082F91B /* BViewProperty.h */,
				6A4BEF1605A6D9EE009F0C88 /* BViewUtils.cpp */,
				6A4BEF1705A6D9EE009F0C88 /* BViewUtils.h */,
			);
			path = Views;
			sourceTree = "<group>";
		};
		6AFCCFC3054C328C005B689A /* Windows */ = {
			isa = PBXGroup;
			children = (
				6A605F090555D30500824720 /* BAboutBox.cpp */,
				6A605F0A0555D30500824720 /* BAboutBox.h */,
				6A2B847605CF937700565AC7 /* BAlert.cpp */,
				6A2B847705CF937700565AC7 /* BAlert.h */,
				6AF7A66705B0066F00EA275B /* BDialog.cpp */,
				6AF7A66605B0066F00EA275B /* BDialog.h */,
				6A5E3C0705D479B2008351B7 /* BDialogModality.cpp */,
				6A963D410598982600476551 /* BDrawer.cpp */,
				6A963D400598982600476551 /* BDrawer.h */,
				6AF7A75405B0787800EA275B /* BNavDialogs.cpp */,
				6AF7A75505B0787800EA275B /* BNavDialogs.h */,
				6A605F080555D30500824720 /* BWindow.cpp */,
				6A605F070555D30500824720 /* BWindow.h */,
				6A230DBD057FC5230082F91B /* BWindowProperty.cpp */,
				6A230DBE057FC5230082F91B /* BWindowProperty.h */,
				6A4BEEE805A6C9FA009F0C88 /* BWindowUtils.cpp */,
				6A4BEEE905A6C9FA009F0C88 /* BWindowUtils.h */,
			);
			path = Windows;
			sourceTree = "<group>";
		};
		6AFCCFD3054C328C005B689A /* B 3rd Party */ = {
			isa = PBXGroup;
			children = (
				6A21824A05A8FBC20051B563 /* MoreFilesX */,
				6A21824B05A8FBED0051B563 /* MoreIsBetter */,
			);
			name = "B 3rd Party";
			path = 3rd;
			sourceTree = B;
		};
		6AFCD08C054C3294005B689A /* Frameworks and Libraries */ = {
			isa = PBXGroup;
			children = (
				6A0527A30B647FB600CAAA0C /* AppKit.framework */,
				6A0527420B647D7700CAAA0C /* Foundation.framework */,
				6A05267E0B64774200CAAA0C /* IOBluetoothUI.framework */,
				6A0526530B64748500CAAA0C /* IOBluetooth.framework */,
				6AFCCFD3054C328C005B689A /* B 3rd Party */,
				6AF7A61005AFF9B100EA275B /* boost */,
				6A3FFA6D0922247100295735 /* AGL.framework */,
				6AFCD09F054C3295005B689A /* ApplicationServices.framework */,
				6AFCD08D054C3294005B689A /* Carbon.framework */,
				6AFCD09B054C3295005B689A /* CoreFoundation.framework */,
				6AFCD099054C3295005B689A /* CoreServices.framework */,
				6A3FFA790922248C00295735 /* OpenGL.framework */,
				6A45005E05A551CA008FC00F /* QuickTime.framework */,
				6A66E82E09EB49B900C5C0EA /* libcrypto.dylib */,
			);
			name = "Frameworks and Libraries";
			sourceTree = "<group>";
		};
/* End PBXGroup section */

/* Begin PBXNativeTarget section */
		6AFCCF28054C328B005B689A /* Tarabiscoter */ = {
			isa = PBXNativeTarget;
			buildConfigurationList = 6A5276C1090FABA500A6B56C /* Build configuration list for PBXNativeTarget "Tarabiscoter" */;
			buildPhases = (
				6A039943067374940009973B /* Resources */,
				6A03993D067370B70009973B /* CopyFiles */,
				6AFCCF24054C328B005B689A /* Sources */,
				6AFCCF26054C328B005B689A /* Frameworks */,
				6AFCCF27054C328B005B689A /* Rez */,
				6A0842D5091585250049574D /* ShellScript */,
			);
			buildRules = (
				6A2655E1066F4519006EE43D /* PBXBuildRule */,
			);
			dependencies = (
			);
			name = Tarabiscoter;
			productName = Debug;
			productReference = 6AFCCF29054C328B005B689A /* Tarabiscoter.app */;
			productType = "com.apple.product-type.application";
		};
/* End PBXNativeTarget section */

/* Begin PBXProject section */
		6AFCD358054C329E005B689A /* Project object */ = {
			isa = PBXProject;
			buildConfigurationList = 6A5276C5090FABA500A6B56C /* Build configuration list for PBXProject "Tarabiscoter" */;
			hasScannedForEncodings = 1;
			mainGroup = 6AFCCF1F054C328B005B689A;
			productRefGroup = 6AFCCF2A054C328B005B689A /* Products */;
			projectDirPath = "";
			targets = (
				6AFCCF28054C328B005B689A /* Tarabiscoter */,
			);
		};
/* End PBXProject section */

/* Begin PBXResourcesBuildPhase section */
		6A039943067374940009973B /* Resources */ = {
			isa = PBXResourcesBuildPhase;
			buildActionMask = 2147483647;
			files = (
				6A039945067374BA0009973B /* B.nib in Resources */,
				6A039946067374BA0009973B /* B.strings in Resources */,
				6A039944067374A90009973B /* knob.icns in Resources */,
				6A039947067374ED0009973B /* Tarabiscoter.nib in Resources */,
				6A86EE030B2BBACF000484E0 /* Tarabiscoter.sdef in Resources */,
				6A0527770B647E5900CAAA0C /* untitled in Resources */,
			);
			runOnlyForDeploymentPostprocessing = 0;
		};
/* End PBXResourcesBuildPhase section */

/* Begin PBXRezBuildPhase section */
		6AFCCF27054C328B005B689A /* Rez */ = {
			isa = PBXRezBuildPhase;
			buildActionMask = 2147483647;
			files = (
				6A3A16D0054F726800AC0AE7 /* B.r in Rez */,
				6A86EE0D0B2BBB05000484E0 /* Tarabiscoter.sdef.r in Rez */,
			);
			runOnlyForDeploymentPostprocessing = 0;
		};
/* End PBXRezBuildPhase section */

/* Begin PBXShellScriptBuildPhase section */
		6A0842D5091585250049574D /* ShellScript */ = {
			isa = PBXShellScriptBuildPhase;
			buildActionMask = 2147483647;
			files = (
			);
			inputPaths = (
			);
			outputPaths = (
			);
			runOnlyForDeploymentPostprocessing = 0;
			shellPath = /bin/sh;
			shellScript = "APP_DIR=$TARGET_BUILD_DIR/$TARGET_NAME.app\n\n# Remove Subversion admin directories\nfind \"$APP_DIR\" -type d -name '.svn' -print0 | xargs -0 -n 1 rm -rf";
		};
/* End PBXShellScriptBuildPhase section */

/* Begin PBXSourcesBuildPhase section */
		6AFCCF24054C328B005B689A /* Sources */ = {
			isa = PBXSourcesBuildPhase;
			buildActionMask = 2147483647;
			files = (
				6A605DF20555CECC00824720 /* BAEWriter.cpp in Sources */,
				6A605DF40555CECC00824720 /* BAEReader.cpp in Sources */,
				6A605DF60555CECC00824720 /* BAEObjectSupport.cpp in Sources */,
				6A605DF80555CECC00824720 /* BAEObject.cpp in Sources */,
				6A605DFA0555CECC00824720 /* BAEEvent.cpp in Sources */,
				6A605DFC0555CECC00824720 /* BAEDescriptor.cpp in Sources */,
				6A605DFE0555CECC00824720 /* BAEDescParam.cpp in Sources */,
				6A605E6F0555D16900824720 /* BNib.cpp in Sources */,
				6A605E810555D18A00824720 /* BEventTarget.cpp in Sources */,
				6A605E820555D18A00824720 /* BEventHandler.cpp in Sources */,
				6A605E860555D18A00824720 /* BEventParams.cpp in Sources */,
				6A605E8B0555D18A00824720 /* BEvent.cpp in Sources */,
				6A605EA40555D1EB00824720 /* BNullDocumentPolicy.cpp in Sources */,
				6A605EA70555D1EB00824720 /* BAbstractDocument.cpp in Sources */,
				6A605ED40555D28000824720 /* BString.cpp in Sources */,
				6A605EEE0555D29D00824720 /* BToolboxViews.cpp in Sources */,
				6A605EF20555D29D00824720 /* BViewFactory.cpp in Sources */,
				6A605EF80555D29D00824720 /* BCustomView.cpp in Sources */,
				6A605EF90555D29D00824720 /* BViewData.cpp in Sources */,
				6A605EFC0555D29D00824720 /* BView.cpp in Sources */,
				6A605F0E0555D30500824720 /* BWindow.cpp in Sources */,
				6A605F0F0555D30500824720 /* BAboutBox.cpp in Sources */,
				6A0C5D70055615DA005E4238 /* BErrorHandler.cpp in Sources */,
				6A0C5D72055615DA005E4238 /* BException.cpp in Sources */,
				6A0C5D75055615DA005E4238 /* BHelpUtilities.cpp in Sources */,
				6A0C5D7705561612005E4238 /* BCommandData.cpp in Sources */,
				6A0C5D830556165E005E4238 /* BBundle.cpp in Sources */,
				6A0C5D870556165E005E4238 /* BRect.cpp in Sources */,
				6A0C5D890556165E005E4238 /* BUrl.cpp in Sources */,
				6A0C5DA105561713005E4238 /* BStringFormatter.cpp in Sources */,
				6A0C5DA305561713005E4238 /* CFUtils.cpp in Sources */,
				6A2F4385055DCB250085519F /* BNullUndoPolicy.cpp in Sources */,
				6A2F4387055DCB250085519F /* BUndoPolicyHelpers.cpp in Sources */,
				6A2F43B6055DCD7F0085519F /* BIcon.cpp in Sources */,
				6A667EBE056DB56D001BB668 /* BAutoRegion.cpp in Sources */,
				6A667EC0056DB56D001BB668 /* BMutableShape.cpp in Sources */,
				6A667EC2056DB56D001BB668 /* BShape.cpp in Sources */,
				6AD6FEC8056E708200B4BBC8 /* BHybridView.cpp in Sources */,
				6A230DB9057FC50D0082F91B /* BViewProperty.cpp in Sources */,
				6A230DBF057FC5230082F91B /* BWindowProperty.cpp in Sources */,
				6A230DC5057FC60B0082F91B /* BMutableString.cpp in Sources */,
				6A230DC6057FC6110082F91B /* BUndoAction.cpp in Sources */,
				6ABB05FA05945E7500910B2E /* DrawerHost.cpp in Sources */,
				6A963D430598982600476551 /* BDrawer.cpp in Sources */,
				6A9072B305A47B1C0089DDBB /* BPageFormat.cpp in Sources */,
				6A9072B505A47B1C0089DDBB /* BPrinter.cpp in Sources */,
				6A9072B705A47B1C0089DDBB /* BPrintSession.cpp in Sources */,
				6A9072B905A47B1C0089DDBB /* BPrintSettings.cpp in Sources */,
				6A90730805A4A1D90089DDBB /* BSplitView.cpp in Sources */,
				6A90730F05A4A2820089DDBB /* Split.cpp in Sources */,
				6A90733F05A4AA5E0089DDBB /* BCollectionItem.cpp in Sources */,
				6A45005605A54FC4008FC00F /* BImageUtilities.cpp in Sources */,
				6A45008905A55206008FC00F /* BMemoryUtilities.cpp in Sources */,
				6A45008B05A55206008FC00F /* BQuickdrawUtilities.cpp in Sources */,
				6A4BEE6205A63B92009F0C88 /* BCursor.cpp in Sources */,
				6A4BEEEA05A6C9FA009F0C88 /* BWindowUtils.cpp in Sources */,
				6A4BEF1805A6D9EE009F0C88 /* BViewUtils.cpp in Sources */,
				6AF7A61605AFFA7800EA275B /* connection.cpp in Sources */,
				6AF7A61705AFFA7800EA275B /* signal_base.cpp in Sources */,
				6AF7A61805AFFA7800EA275B /* slot.cpp in Sources */,
				6AF7A61905AFFA7800EA275B /* trackable.cpp in Sources */,
				6AF7A66905B0066F00EA275B /* BDialog.cpp in Sources */,
				6AF7A75605B0787800EA275B /* BNavDialogs.cpp in Sources */,
				6AB59EE905B2D371002CAE65 /* Layout.cpp in Sources */,
				6A0684C105B619D500E4C681 /* TarabiscoterApp.cpp in Sources */,
				6A5346C705B9E7DD004E26A0 /* condition.cpp in Sources */,
				6A5346C805B9E7DD004E26A0 /* exceptions.cpp in Sources */,
				6A5346C905B9E7DD004E26A0 /* mutex.cpp in Sources */,
				6A5346CA05B9E7DD004E26A0 /* once.cpp in Sources */,
				6A5346CB05B9E7DD004E26A0 /* recursive_mutex.cpp in Sources */,
				6A5346CC05B9E7DD004E26A0 /* thread.cpp in Sources */,
				6A5346CE05B9E7DD004E26A0 /* tss.cpp in Sources */,
				6A5346CF05B9E7DD004E26A0 /* xtime.cpp in Sources */,
				6AC1D29805C1F0E300AFA75D /* BExceptionStreamer.cpp in Sources */,
				6A814F3A05CC57C6006B8B0F /* DialogsWindow.cpp in Sources */,
				6A814F3C05CC57C6006B8B0F /* OpenGLWindow.cpp in Sources */,
				6A2B847805CF937700565AC7 /* BAlert.cpp in Sources */,
				6A2B848F05CF94AD00565AC7 /* NavigationWindow.cpp in Sources */,
				6A5E3C0805D479B2008351B7 /* BDialogModality.cpp in Sources */,
				6AC8E4DA07F4B4980011C58E /* named_slot_map.cpp in Sources */,
				6A427C130920DD0B000D6E1F /* BAutoTrackingArea.cpp in Sources */,
				6A3FFA35092220B600295735 /* BOpenGLView.cpp in Sources */,
				6A3FFA39092221DF00295735 /* BOpenGLUtilities.cpp in Sources */,
				6AAA3DFB092ACE08002C4F51 /* BStringUtilities.cpp in Sources */,
				6AF4E60A0937950100E73EC8 /* BSaveInfo.cpp in Sources */,
				6AF4E60F0937952200E73EC8 /* BFileUtilities.cpp in Sources */,
				6A833F2509799C0B00DBB3C2 /* BTextValidator.cpp in Sources */,
				6A833F2709799C0B00DBB3C2 /* BTextSource.cpp in Sources */,
				6A833FA70979D14E00DBB3C2 /* TextWindow.cpp in Sources */,
				6A335ED1097A10890027DAF6 /* BTextFilters.cpp in Sources */,
				6A66E81909EB478900C5C0EA /* BAESDefReader.cpp in Sources */,
				6A66E81B09EB478900C5C0EA /* BAEToken.cpp in Sources */,
				6A66E81D09EB478900C5C0EA /* BAEUtilities.cpp in Sources */,
				6A2224F20A339FB0006B489A /* BColor.cpp in Sources */,
				6AB266690A60370100198F15 /* BNullPrintPolicy.cpp in Sources */,
				6A05271D0B647CAD00CAAA0C /* BAutoreleasePool.mm in Sources */,
			);
			runOnlyForDeploymentPostprocessing = 0;
		};
/* End PBXSourcesBuildPhase section */

/* Begin XCBuildConfiguration section */
		6A5276C2090FABA500A6B56C /* Development */ = {
			isa = XCBuildConfiguration;
			buildSettings = {
				GCC_C_LANGUAGE_STANDARD = "compiler-default";
				GCC_ENABLE_CPP_EXCEPTIONS = YES;
				GCC_ENABLE_CPP_RTTI = YES;
				GCC_ENABLE_FIX_AND_CONTINUE = YES;
				GCC_GENERATE_DEBUGGING_SYMBOLS = YES;
				GCC_OPTIMIZATION_LEVEL = 0;
				GCC_PRECOMPILE_PREFIX_HEADER = YES;
				GCC_PREFIX_HEADER = "Tarabiscoter.pch++";
				GCC_PREPROCESSOR_DEFINITIONS = (
					_DEBUG,
					"$(value)",
				);
				GCC_REUSE_STRINGS = YES;
				GCC_WARN_ABOUT_MISSING_PROTOTYPES = YES;
				GCC_WARN_CHECK_SWITCH_STATEMENTS = YES;
				GCC_WARN_FOUR_CHARACTER_CONSTANTS = NO;
				GCC_WARN_HIDDEN_VIRTUAL_FUNCTIONS = YES;
				GCC_WARN_INITIALIZER_NOT_FULLY_BRACKETED = YES;
				GCC_WARN_MISSING_PARENTHESES = YES;
				GCC_WARN_PEDANTIC = NO;
				GCC_WARN_SHADOW = NO;
				GCC_WARN_TYPECHECK_CALLS_TO_PRINTF = YES;
				GCC_WARN_UNINITIALIZED_AUTOS = NO;
				GCC_WARN_UNKNOWN_PRAGMAS = YES;
				GCC_WARN_UNUSED_FUNCTION = YES;
				GCC_WARN_UNUSED_LABEL = YES;
				GCC_WARN_UNUSED_PARAMETER = NO;
				GCC_WARN_UNUSED_VALUE = YES;
				GCC_WARN_UNUSED_VARIABLE = YES;
				GENERATE_PKGINFO = YES;
				HEADER_SEARCH_PATHS = /usr/local/b/b/src;
				INFOPLIST_FILE = Tarabiscoter.plist;
				LIBRARY_SEARCH_PATHS = /usr/local/lib/b;
				MACOSX_DEPLOYMENT_TARGET = 10.2;
				PRODUCT_NAME = Tarabiscoter;
				REZ_PREPROCESSOR_DEFINITIONS = "";
				REZ_RESOURCE_MAP_READ_ONLY = YES;
				REZ_SEARCH_PATHS = /usr/local/b/b/src/Resources;
				ZERO_LINK = NO;
			};
			name = Development;
		};
		6A5276C3090FABA500A6B56C /* Deployment */ = {
			isa = XCBuildConfiguration;
			buildSettings = {
				DEPLOYMENT_POSTPROCESSING = YES;
				GCC_C_LANGUAGE_STANDARD = "compiler-default";
				GCC_ENABLE_CPP_EXCEPTIONS = YES;
				GCC_ENABLE_CPP_RTTI = YES;
				GCC_GENERATE_DEBUGGING_SYMBOLS = NO;
				GCC_OPTIMIZATION_LEVEL = 2;
				GCC_PRECOMPILE_PREFIX_HEADER = YES;
				GCC_PREFIX_HEADER = "Tarabiscoter.pch++";
				GCC_REUSE_STRINGS = YES;
				GCC_WARN_ABOUT_MISSING_PROTOTYPES = YES;
				GCC_WARN_CHECK_SWITCH_STATEMENTS = YES;
				GCC_WARN_FOUR_CHARACTER_CONSTANTS = NO;
				GCC_WARN_HIDDEN_VIRTUAL_FUNCTIONS = YES;
				GCC_WARN_INITIALIZER_NOT_FULLY_BRACKETED = YES;
				GCC_WARN_MISSING_PARENTHESES = YES;
				GCC_WARN_PEDANTIC = NO;
				GCC_WARN_SHADOW = NO;
				GCC_WARN_TYPECHECK_CALLS_TO_PRINTF = YES;
				GCC_WARN_UNINITIALIZED_AUTOS = YES;
				GCC_WARN_UNKNOWN_PRAGMAS = YES;
				GCC_WARN_UNUSED_FUNCTION = YES;
				GCC_WARN_UNUSED_LABEL = YES;
				GCC_WARN_UNUSED_PARAMETER = NO;
				GCC_WARN_UNUSED_VALUE = YES;
				GCC_WARN_UNUSED_VARIABLE = YES;
				GENERATE_PKGINFO = YES;
				HEADER_SEARCH_PATHS = /usr/local/b/b/src;
				INFOPLIST_FILE = Tarabiscoter.plist;
				LIBRARY_SEARCH_PATHS = /usr/local/lib/b;
				MACOSX_DEPLOYMENT_TARGET = 10.2;
				PRODUCT_NAME = Tarabiscoter;
				REZ_PREPROCESSOR_DEFINITIONS = "";
				REZ_RESOURCE_MAP_READ_ONLY = YES;
				REZ_SEARCH_PATHS = /usr/local/b/b/src/Resources;
			};
			name = Deployment;
		};
		6A5276C4090FABA500A6B56C /* Default */ = {
			isa = XCBuildConfiguration;
			buildSettings = {
				GCC_C_LANGUAGE_STANDARD = "compiler-default";
				GCC_ENABLE_CPP_EXCEPTIONS = YES;
				GCC_ENABLE_CPP_RTTI = YES;
				GCC_GENERATE_DEBUGGING_SYMBOLS = NO;
				GCC_OPTIMIZATION_LEVEL = 2;
				GCC_PRECOMPILE_PREFIX_HEADER = YES;
				GCC_PREFIX_HEADER = "Tarabiscoter.pch++";
				GCC_REUSE_STRINGS = YES;
				GCC_WARN_ABOUT_MISSING_PROTOTYPES = YES;
				GCC_WARN_CHECK_SWITCH_STATEMENTS = YES;
				GCC_WARN_FOUR_CHARACTER_CONSTANTS = NO;
				GCC_WARN_HIDDEN_VIRTUAL_FUNCTIONS = YES;
				GCC_WARN_INITIALIZER_NOT_FULLY_BRACKETED = YES;
				GCC_WARN_MISSING_PARENTHESES = YES;
				GCC_WARN_PEDANTIC = NO;
				GCC_WARN_SHADOW = NO;
				GCC_WARN_TYPECHECK_CALLS_TO_PRINTF = YES;
				GCC_WARN_UNINITIALIZED_AUTOS = YES;
				GCC_WARN_UNKNOWN_PRAGMAS = YES;
				GCC_WARN_UNUSED_FUNCTION = YES;
				GCC_WARN_UNUSED_LABEL = YES;
				GCC_WARN_UNUSED_PARAMETER = NO;
				GCC_WARN_UNUSED_VALUE = YES;
				GCC_WARN_UNUSED_VARIABLE = YES;
				GENERATE_PKGINFO = YES;
				HEADER_SEARCH_PATHS = /usr/local/b/b/src;
				INFOPLIST_FILE = Tarabiscoter.plist;
				LIBRARY_SEARCH_PATHS = /usr/local/lib/b;
				MACOSX_DEPLOYMENT_TARGET = 10.2;
				PRODUCT_NAME = Tarabiscoter;
				REZ_PREPROCESSOR_DEFINITIONS = "";
				REZ_RESOURCE_MAP_READ_ONLY = YES;
				REZ_SEARCH_PATHS = /usr/local/b/b/src/Resources;
			};
			name = Default;
		};
		6A5276C6090FABA500A6B56C /* Development */ = {
			isa = XCBuildConfiguration;
			buildSettings = {
				ARCHS = "$(NATIVE_ARCH)";
				DEBUG_INFORMATION_FORMAT = dwarf;
				GCC_OPTIMIZATION_LEVEL = 0;
				GCC_THREADSAFE_STATICS = NO;
				GCC_WARN_ABOUT_MISSING_NEWLINE = YES;
				GCC_WARN_ABOUT_MISSING_PROTOTYPES = YES;
				GCC_WARN_ABOUT_RETURN_TYPE = YES;
				GCC_WARN_CHECK_SWITCH_STATEMENTS = YES;
				GCC_WARN_HIDDEN_VIRTUAL_FUNCTIONS = YES;
				GCC_WARN_INITIALIZER_NOT_FULLY_BRACKETED = YES;
				GCC_WARN_MISSING_PARENTHESES = YES;
				GCC_WARN_TYPECHECK_CALLS_TO_PRINTF = YES;
				GCC_WARN_UNINITIALIZED_AUTOS = YES;
				GCC_WARN_UNUSED_FUNCTION = YES;
				GCC_WARN_UNUSED_LABEL = YES;
				GCC_WARN_UNUSED_PARAMETER = YES;
				MACOSX_DEPLOYMENT_TARGET = 10.4;
				SDKROOT = /Developer/SDKs/MacOSX10.4u.sdk;
			};
			name = Development;
		};
		6A5276C7090FABA500A6B56C /* Deployment */ = {
			isa = XCBuildConfiguration;
			buildSettings = {
				ARCHS = (
					ppc,
					i386,
				);
				DEBUG_INFORMATION_FORMAT = dwarf;
				GCC_THREADSAFE_STATICS = NO;
				GCC_WARN_ABOUT_MISSING_NEWLINE = YES;
				GCC_WARN_ABOUT_MISSING_PROTOTYPES = YES;
				GCC_WARN_ABOUT_RETURN_TYPE = YES;
				GCC_WARN_CHECK_SWITCH_STATEMENTS = YES;
				GCC_WARN_HIDDEN_VIRTUAL_FUNCTIONS = YES;
				GCC_WARN_INITIALIZER_NOT_FULLY_BRACKETED = YES;
				GCC_WARN_MISSING_PARENTHESES = YES;
				GCC_WARN_TYPECHECK_CALLS_TO_PRINTF = YES;
				GCC_WARN_UNINITIALIZED_AUTOS = YES;
				GCC_WARN_UNUSED_FUNCTION = YES;
				GCC_WARN_UNUSED_LABEL = YES;
				GCC_WARN_UNUSED_PARAMETER = YES;
				MACOSX_DEPLOYMENT_TARGET = 10.4;
				SDKROOT = /Developer/SDKs/MacOSX10.4u.sdk;
			};
			name = Deployment;
		};
		6A5276C8090FABA500A6B56C /* Default */ = {
			isa = XCBuildConfiguration;
			buildSettings = {
				ARCHS = (
					ppc,
					i386,
				);
				DEBUG_INFORMATION_FORMAT = dwarf;
				GCC_THREADSAFE_STATICS = NO;
				GCC_WARN_ABOUT_MISSING_NEWLINE = YES;
				GCC_WARN_ABOUT_MISSING_PROTOTYPES = YES;
				GCC_WARN_ABOUT_RETURN_TYPE = YES;
				GCC_WARN_CHECK_SWITCH_STATEMENTS = YES;
				GCC_WARN_HIDDEN_VIRTUAL_FUNCTIONS = YES;
				GCC_WARN_INITIALIZER_NOT_FULLY_BRACKETED = YES;
				GCC_WARN_MISSING_PARENTHESES = YES;
				GCC_WARN_TYPECHECK_CALLS_TO_PRINTF = YES;
				GCC_WARN_UNINITIALIZED_AUTOS = YES;
				GCC_WARN_UNUSED_FUNCTION = YES;
				GCC_WARN_UNUSED_LABEL = YES;
				GCC_WARN_UNUSED_PARAMETER = YES;
				MACOSX_DEPLOYMENT_TARGET = 10.4;
				SDKROOT = /Developer/SDKs/MacOSX10.4u.sdk;
			};
			name = Default;
		};
/* End XCBuildConfiguration section */

/* Begin XCConfigurationList section */
		6A5276C1090FABA500A6B56C /* Build configuration list for PBXNativeTarget "Tarabiscoter" */ = {
			isa = XCConfigurationList;
			buildConfigurations = (
				6A5276C2090FABA500A6B56C /* Development */,
				6A5276C3090FABA500A6B56C /* Deployment */,
				6A5276C4090FABA500A6B56C /* Default */,
			);
			defaultConfigurationIsVisible = 0;
			defaultConfigurationName = Default;
		};
		6A5276C5090FABA500A6B56C /* Build configuration list for PBXProject "Tarabiscoter" */ = {
			isa = XCConfigurationList;
			buildConfigurations = (
				6A5276C6090FABA500A6B56C /* Development */,
				6A5276C7090FABA500A6B56C /* Deployment */,
				6A5276C8090FABA500A6B56C /* Default */,
			);
			defaultConfigurationIsVisible = 0;
			defaultConfigurationName = Default;
		};
/* End XCConfigurationList section */
	};
	rootObject = 6AFCD358054C329E005B689A /* Project object */;
}
